// !$*UTF8*$!
{
	archiveVersion = 1;
	classes = {
	};
	objectVersion = 56;
	objects = {

/* Begin PBXBuildFile section */
		B7CF15F80C6C03A89D524A45 /* Pods_BallPark.framework in Frameworks */ = {isa = PBXBuildFile; fileRef = C9254B956FB951772B3011D8 /* Pods_BallPark.framework */; };
		D44953332A24105500739698 /* AppConfigs.swift in Sources */ = {isa = PBXBuildFile; fileRef = D44953322A24105500739698 /* AppConfigs.swift */; };
		D44953352A24212F00739698 /* StringUtils.swift in Sources */ = {isa = PBXBuildFile; fileRef = D44953342A24212F00739698 /* StringUtils.swift */; };
		D44953372A24307500739698 /* NextEventsViewController.swift in Sources */ = {isa = PBXBuildFile; fileRef = D44953362A24307500739698 /* NextEventsViewController.swift */; };
		D44953392A24332900739698 /* LatestResultsViewController.swift in Sources */ = {isa = PBXBuildFile; fileRef = D44953382A24332900739698 /* LatestResultsViewController.swift */; };
		D449533B2A24334500739698 /* TeamsViewController.swift in Sources */ = {isa = PBXBuildFile; fileRef = D449533A2A24334500739698 /* TeamsViewController.swift */; };
		D449533D2A2434DB00739698 /* WithArgs.swift in Sources */ = {isa = PBXBuildFile; fileRef = D449533C2A2434DB00739698 /* WithArgs.swift */; };
		D44953412A244D6900739698 /* Player.swift in Sources */ = {isa = PBXBuildFile; fileRef = D44953402A244D6900739698 /* Player.swift */; };
		D44953432A244FD400739698 /* Team.swift in Sources */ = {isa = PBXBuildFile; fileRef = D44953422A244FD400739698 /* Team.swift */; };
		D44953452A24523800739698 /* TeamDatabase.swift in Sources */ = {isa = PBXBuildFile; fileRef = D44953442A24523800739698 /* TeamDatabase.swift */; };
		D44953472A2452CF00739698 /* TeamNotifications.swift in Sources */ = {isa = PBXBuildFile; fileRef = D44953462A2452CF00739698 /* TeamNotifications.swift */; };
		D44953492A24536C00739698 /* TeamsRemoteService.swift in Sources */ = {isa = PBXBuildFile; fileRef = D44953482A24536C00739698 /* TeamsRemoteService.swift */; };
		D449534B2A2453B800739698 /* TeamIdentity.swift in Sources */ = {isa = PBXBuildFile; fileRef = D449534A2A2453B800739698 /* TeamIdentity.swift */; };
		D449534D2A2454FC00739698 /* TeamsModel.swift in Sources */ = {isa = PBXBuildFile; fileRef = D449534C2A2454FC00739698 /* TeamsModel.swift */; };
		D449534F2A24595400739698 /* TeamsViewModel.swift in Sources */ = {isa = PBXBuildFile; fileRef = D449534E2A24595400739698 /* TeamsViewModel.swift */; };
		D468A3A32A2A499900DC693B /* AnyLeagueEvent.swift in Sources */ = {isa = PBXBuildFile; fileRef = D468A3A22A2A499900DC693B /* AnyLeagueEvent.swift */; };
		D468A3A52A2A4A6A00DC693B /* TennisEvent.swift in Sources */ = {isa = PBXBuildFile; fileRef = D468A3A42A2A4A6A00DC693B /* TennisEvent.swift */; };
		D468A3A72A2A54FC00DC693B /* LeaguePlayersRemoteService.swift in Sources */ = {isa = PBXBuildFile; fileRef = D468A3A62A2A54FC00DC693B /* LeaguePlayersRemoteService.swift */; };
		D468A3AB2A2A562A00DC693B /* LeaguePlayersModel.swift in Sources */ = {isa = PBXBuildFile; fileRef = D468A3AA2A2A562A00DC693B /* LeaguePlayersModel.swift */; };
		D468A3AD2A2A59DE00DC693B /* AnyPlayer.swift in Sources */ = {isa = PBXBuildFile; fileRef = D468A3AC2A2A59DE00DC693B /* AnyPlayer.swift */; };
		D468A3AF2A2A5AA600DC693B /* AnyPlayersModel.swift in Sources */ = {isa = PBXBuildFile; fileRef = D468A3AE2A2A5AA600DC693B /* AnyPlayersModel.swift */; };
		D468A3B82A2A648500DC693B /* BallParkTests.swift in Sources */ = {isa = PBXBuildFile; fileRef = D468A3B72A2A648500DC693B /* BallParkTests.swift */; };
		D468A3C22A2A6C5E00DC693B /* AnyLeaguesViewModel.swift in Sources */ = {isa = PBXBuildFile; fileRef = D468A3C12A2A6C5E00DC693B /* AnyLeaguesViewModel.swift */; };
		D468A3C42A2A84EA00DC693B /* LivescoresRemoteService.swift in Sources */ = {isa = PBXBuildFile; fileRef = D468A3C32A2A84EA00DC693B /* LivescoresRemoteService.swift */; };
		D468A3C62A2A85B900DC693B /* LivescoresModel.swift in Sources */ = {isa = PBXBuildFile; fileRef = D468A3C52A2A85B900DC693B /* LivescoresModel.swift */; };
		D468A3C92A2A8D4E00DC693B /* AnyPlayersViewModel.swift in Sources */ = {isa = PBXBuildFile; fileRef = D468A3C82A2A8D4E00DC693B /* AnyPlayersViewModel.swift */; };
		D468A3CB2A2A8ED100DC693B /* TennisPlayersViewModel.swift in Sources */ = {isa = PBXBuildFile; fileRef = D468A3CA2A2A8ED100DC693B /* TennisPlayersViewModel.swift */; };
		D468A3CF2A2A940F00DC693B /* LeagueEvents.swift in Sources */ = {isa = PBXBuildFile; fileRef = D468A3CE2A2A940F00DC693B /* LeagueEvents.swift */; };
		D468A3D42A2ACC7900DC693B /* PlayersRemoteServiceTests.swift in Sources */ = {isa = PBXBuildFile; fileRef = D468A3D32A2ACC7900DC693B /* PlayersRemoteServiceTests.swift */; };
		D468A3D92A2ACEDE00DC693B /* MockDecoder.swift in Sources */ = {isa = PBXBuildFile; fileRef = D468A3D82A2ACEDE00DC693B /* MockDecoder.swift */; };
		D468A3DD2A2ACF6400DC693B /* MockRemoteClient.swift in Sources */ = {isa = PBXBuildFile; fileRef = D468A3DC2A2ACF6400DC693B /* MockRemoteClient.swift */; };
		D468A3E02A2AD42E00DC693B /* TestManagedObjectContextFactory.swift in Sources */ = {isa = PBXBuildFile; fileRef = D468A3DF2A2AD42E00DC693B /* TestManagedObjectContextFactory.swift */; };
		D468A3E22A2AD4CB00DC693B /* TestError.swift in Sources */ = {isa = PBXBuildFile; fileRef = D468A3E12A2AD4CB00DC693B /* TestError.swift */; };
		D468A3E42A2AD9D000DC693B /* PlayersResponse.json in Resources */ = {isa = PBXBuildFile; fileRef = D468A3E32A2AD9D000DC693B /* PlayersResponse.json */; };
		D47F7B512A26CBF100BBEF73 /* AnyImageLoader.swift in Sources */ = {isa = PBXBuildFile; fileRef = D47F7B502A26CBF100BBEF73 /* AnyImageLoader.swift */; };
		D47F7B532A26CC6100BBEF73 /* KFImageLoader.swift in Sources */ = {isa = PBXBuildFile; fileRef = D47F7B522A26CC6100BBEF73 /* KFImageLoader.swift */; };
		D47F7B552A26D30B00BBEF73 /* WithEmptyView.swift in Sources */ = {isa = PBXBuildFile; fileRef = D47F7B542A26D30B00BBEF73 /* WithEmptyView.swift */; };
		D47F7B572A26D3CF00BBEF73 /* WithErrorView.swift in Sources */ = {isa = PBXBuildFile; fileRef = D47F7B562A26D3CF00BBEF73 /* WithErrorView.swift */; };
		D47F7B5C2A26DDA000BBEF73 /* TeamHeader.xib in Resources */ = {isa = PBXBuildFile; fileRef = D47F7B5B2A26DDA000BBEF73 /* TeamHeader.xib */; };
		D47F7B5E2A26DDC700BBEF73 /* TeamHeader.swift in Sources */ = {isa = PBXBuildFile; fileRef = D47F7B5D2A26DDC700BBEF73 /* TeamHeader.swift */; };
		D47F7B632A26FC0A00BBEF73 /* PlayerDatabase.swift in Sources */ = {isa = PBXBuildFile; fileRef = D47F7B622A26FC0A00BBEF73 /* PlayerDatabase.swift */; };
		D47F7B652A26FD0300BBEF73 /* PlayersRemoteService.swift in Sources */ = {isa = PBXBuildFile; fileRef = D47F7B642A26FD0300BBEF73 /* PlayersRemoteService.swift */; };
		D47F7B672A26FDAB00BBEF73 /* PlayersModel.swift in Sources */ = {isa = PBXBuildFile; fileRef = D47F7B662A26FDAB00BBEF73 /* PlayersModel.swift */; };
		D47F7B692A26FE9500BBEF73 /* PlayersViewModel.swift in Sources */ = {isa = PBXBuildFile; fileRef = D47F7B682A26FE9500BBEF73 /* PlayersViewModel.swift */; };
		D4894F442A20E43300B206FB /* RemoteClient.swift in Sources */ = {isa = PBXBuildFile; fileRef = D4894F432A20E43300B206FB /* RemoteClient.swift */; };
		D4894F462A20E7E100B206FB /* AFRemoteClient.swift in Sources */ = {isa = PBXBuildFile; fileRef = D4894F452A20E7E100B206FB /* AFRemoteClient.swift */; };
		D4894F482A20F15600B206FB /* LeaguesRemoteService.swift in Sources */ = {isa = PBXBuildFile; fileRef = D4894F472A20F15600B206FB /* LeaguesRemoteService.swift */; };
		D4894F4B2A20F1E400B206FB /* AnyDecoder.swift in Sources */ = {isa = PBXBuildFile; fileRef = D4894F4A2A20F1E400B206FB /* AnyDecoder.swift */; };
		D4894F4D2A20F3FC00B206FB /* JsonDecoder.swift in Sources */ = {isa = PBXBuildFile; fileRef = D4894F4C2A20F3FC00B206FB /* JsonDecoder.swift */; };
		D4894F4F2A20F7B700B206FB /* League.swift in Sources */ = {isa = PBXBuildFile; fileRef = D4894F4E2A20F7B700B206FB /* League.swift */; };
		D4894F552A20FEA900B206FB /* AnyEnvironment.swift in Sources */ = {isa = PBXBuildFile; fileRef = D4894F542A20FEA900B206FB /* AnyEnvironment.swift */; };
		D4894F572A20FEE900B206FB /* Environment.swift in Sources */ = {isa = PBXBuildFile; fileRef = D4894F562A20FEE900B206FB /* Environment.swift */; };
		D4894F5A2A21006C00B206FB /* CodingUserInfoKey.swift in Sources */ = {isa = PBXBuildFile; fileRef = D4894F592A21006C00B206FB /* CodingUserInfoKey.swift */; };
		D4894F5C2A21019300B206FB /* ListResponse.swift in Sources */ = {isa = PBXBuildFile; fileRef = D4894F5B2A21019300B206FB /* ListResponse.swift */; };
		D4894F5E2A210A4200B206FB /* LeaguesViewController.swift in Sources */ = {isa = PBXBuildFile; fileRef = D4894F5D2A210A4200B206FB /* LeaguesViewController.swift */; };
		D4894F602A210A9800B206FB /* AnyStoryboardView.swift in Sources */ = {isa = PBXBuildFile; fileRef = D4894F5F2A210A9800B206FB /* AnyStoryboardView.swift */; };
		D4894F622A210DCA00B206FB /* UIState.swift in Sources */ = {isa = PBXBuildFile; fileRef = D4894F612A210DCA00B206FB /* UIState.swift */; };
		D4894F662A210FC300B206FB /* LeaguesViewModel.swift in Sources */ = {isa = PBXBuildFile; fileRef = D4894F652A210FC300B206FB /* LeaguesViewModel.swift */; };
		D4894F682A21109D00B206FB /* LeaguesModel.swift in Sources */ = {isa = PBXBuildFile; fileRef = D4894F672A21109D00B206FB /* LeaguesModel.swift */; };
		D4894F6A2A212BA300B206FB /* WithLoaderView.swift in Sources */ = {isa = PBXBuildFile; fileRef = D4894F692A212BA300B206FB /* WithLoaderView.swift */; };
		D4894F6D2A212F4E00B206FB /* LeagueTableViewCell.swift in Sources */ = {isa = PBXBuildFile; fileRef = D4894F6B2A212F4E00B206FB /* LeagueTableViewCell.swift */; };
		D4894F6E2A212F4E00B206FB /* LeagueTableViewCell.xib in Resources */ = {isa = PBXBuildFile; fileRef = D4894F6C2A212F4E00B206FB /* LeagueTableViewCell.xib */; };
		D4894F702A21310A00B206FB /* StadiumImageView.swift in Sources */ = {isa = PBXBuildFile; fileRef = D4894F6F2A21310A00B206FB /* StadiumImageView.swift */; };
		D4894F722A213DA800B206FB /* FavouriteLeaguesViewController.swift in Sources */ = {isa = PBXBuildFile; fileRef = D4894F712A213DA800B206FB /* FavouriteLeaguesViewController.swift */; };
		D4894F782A215DA200B206FB /* FavouriteLeaguesModel.swift in Sources */ = {isa = PBXBuildFile; fileRef = D4894F772A215DA200B206FB /* FavouriteLeaguesModel.swift */; };
		D4894F7B2A216AF000B206FB /* Database.swift in Sources */ = {isa = PBXBuildFile; fileRef = D4894F7A2A216AF000B206FB /* Database.swift */; };
		D4894F7E2A216F0200B206FB /* CoreDataUtils.swift in Sources */ = {isa = PBXBuildFile; fileRef = D4894F7D2A216F0200B206FB /* CoreDataUtils.swift */; };
		D4894F852A21779D00B206FB /* LeagueDatabase.swift in Sources */ = {isa = PBXBuildFile; fileRef = D4894F842A21779D00B206FB /* LeagueDatabase.swift */; };
		D4894F872A2182E300B206FB /* ServiceLocatorUtils.swift in Sources */ = {isa = PBXBuildFile; fileRef = D4894F862A2182E300B206FB /* ServiceLocatorUtils.swift */; };
		D48DE4BB2A253574003163C7 /* FavouriteTeamsModel.swift in Sources */ = {isa = PBXBuildFile; fileRef = D48DE4BA2A253574003163C7 /* FavouriteTeamsModel.swift */; };
		D48DE4BD2A2535BF003163C7 /* FavouriteTeamsViewModel.swift in Sources */ = {isa = PBXBuildFile; fileRef = D48DE4BC2A2535BF003163C7 /* FavouriteTeamsViewModel.swift */; };
		D48DE4C02A2538BB003163C7 /* TeamTableViewCell.xib in Resources */ = {isa = PBXBuildFile; fileRef = D48DE4BF2A2538BB003163C7 /* TeamTableViewCell.xib */; };
		D48DE4C22A2538DE003163C7 /* TeamTableViewCell.swift in Sources */ = {isa = PBXBuildFile; fileRef = D48DE4C12A2538DE003163C7 /* TeamTableViewCell.swift */; };
		D48DE4C42A253A43003163C7 /* FavouriteTeamsViewController.swift in Sources */ = {isa = PBXBuildFile; fileRef = D48DE4C32A253A43003163C7 /* FavouriteTeamsViewController.swift */; };
		D48DE4CA2A253E7C003163C7 /* TeamViewController.swift in Sources */ = {isa = PBXBuildFile; fileRef = D48DE4C92A253E7C003163C7 /* TeamViewController.swift */; };
		D48DE4CC2A253EB2003163C7 /* TeamModel.swift in Sources */ = {isa = PBXBuildFile; fileRef = D48DE4CB2A253EB2003163C7 /* TeamModel.swift */; };
		D48DE4CF2A253F69003163C7 /* TeamViewModel.swift in Sources */ = {isa = PBXBuildFile; fileRef = D48DE4CE2A253F69003163C7 /* TeamViewModel.swift */; };
		D4D2CDCD2A222EA3009EB45B /* SportsViewController.swift in Sources */ = {isa = PBXBuildFile; fileRef = D4D2CDCC2A222EA3009EB45B /* SportsViewController.swift */; };
		D4D2CDCF2A22362A009EB45B /* AnyInstantiableView.swift in Sources */ = {isa = PBXBuildFile; fileRef = D4D2CDCE2A22362A009EB45B /* AnyInstantiableView.swift */; };
		D4D2CDD12A224605009EB45B /* InsetsUtils.swift in Sources */ = {isa = PBXBuildFile; fileRef = D4D2CDD02A224605009EB45B /* InsetsUtils.swift */; };
		D4D2CDD52A22A9EE009EB45B /* LeagueViewController.swift in Sources */ = {isa = PBXBuildFile; fileRef = D4D2CDD42A22A9EE009EB45B /* LeagueViewController.swift */; };
		D4D2CDD82A22AF9F009EB45B /* Notifications.swift in Sources */ = {isa = PBXBuildFile; fileRef = D4D2CDD72A22AF9F009EB45B /* Notifications.swift */; };
		D4D2CDDA2A22B021009EB45B /* LeagueNotifications.swift in Sources */ = {isa = PBXBuildFile; fileRef = D4D2CDD92A22B021009EB45B /* LeagueNotifications.swift */; };
		D4D2CDDC2A22B3E7009EB45B /* FavouriteLeaguesViewModel.swift in Sources */ = {isa = PBXBuildFile; fileRef = D4D2CDDB2A22B3E7009EB45B /* FavouriteLeaguesViewModel.swift */; };
		D4D2CDDE2A22BC58009EB45B /* LeagueViewModel.swift in Sources */ = {isa = PBXBuildFile; fileRef = D4D2CDDD2A22BC58009EB45B /* LeagueViewModel.swift */; };
		D4D2CDE02A22BE38009EB45B /* NextEventsModel.swift in Sources */ = {isa = PBXBuildFile; fileRef = D4D2CDDF2A22BE38009EB45B /* NextEventsModel.swift */; };
		D4D2CDE22A22BFE0009EB45B /* LeagueEventsRemoteService.swift in Sources */ = {isa = PBXBuildFile; fileRef = D4D2CDE12A22BFE0009EB45B /* LeagueEventsRemoteService.swift */; };
		D4D2CDE52A22C1A3009EB45B /* LeagueIdentity.swift in Sources */ = {isa = PBXBuildFile; fileRef = D4D2CDE42A22C1A3009EB45B /* LeagueIdentity.swift */; };
		D4D2CDE72A22C3CF009EB45B /* LeagueEventsViewModel.swift in Sources */ = {isa = PBXBuildFile; fileRef = D4D2CDE62A22C3CF009EB45B /* LeagueEventsViewModel.swift */; };
		D4D2CDE92A22C79B009EB45B /* LeagueEvent.swift in Sources */ = {isa = PBXBuildFile; fileRef = D4D2CDE82A22C79B009EB45B /* LeagueEvent.swift */; };
		D4D2CDED2A22C994009EB45B /* LeagueEventsModel.swift in Sources */ = {isa = PBXBuildFile; fileRef = D4D2CDEC2A22C994009EB45B /* LeagueEventsModel.swift */; };
		D4D2CDEF2A22CAE1009EB45B /* LatestEventsModel.swift in Sources */ = {isa = PBXBuildFile; fileRef = D4D2CDEE2A22CAE1009EB45B /* LatestEventsModel.swift */; };
		D4D2CDF12A22CE70009EB45B /* LeagueModel.swift in Sources */ = {isa = PBXBuildFile; fileRef = D4D2CDF02A22CE70009EB45B /* LeagueModel.swift */; };
		D4D2CDF32A22CF4D009EB45B /* Errors.swift in Sources */ = {isa = PBXBuildFile; fileRef = D4D2CDF22A22CF4D009EB45B /* Errors.swift */; };
		D4E0EC0D2A20D5A000EF0BE7 /* AppDelegate.swift in Sources */ = {isa = PBXBuildFile; fileRef = D4E0EC0C2A20D5A000EF0BE7 /* AppDelegate.swift */; };
		D4E0EC0F2A20D5A000EF0BE7 /* SceneDelegate.swift in Sources */ = {isa = PBXBuildFile; fileRef = D4E0EC0E2A20D5A000EF0BE7 /* SceneDelegate.swift */; };
		D4E0EC142A20D5A000EF0BE7 /* Main.storyboard in Resources */ = {isa = PBXBuildFile; fileRef = D4E0EC122A20D5A000EF0BE7 /* Main.storyboard */; };
		D4E0EC172A20D5A000EF0BE7 /* BallPark.xcdatamodeld in Sources */ = {isa = PBXBuildFile; fileRef = D4E0EC152A20D5A000EF0BE7 /* BallPark.xcdatamodeld */; };
		D4E0EC192A20D5A100EF0BE7 /* Assets.xcassets in Resources */ = {isa = PBXBuildFile; fileRef = D4E0EC182A20D5A100EF0BE7 /* Assets.xcassets */; };
		D4E0EC1C2A20D5A100EF0BE7 /* LaunchScreen.storyboard in Resources */ = {isa = PBXBuildFile; fileRef = D4E0EC1A2A20D5A100EF0BE7 /* LaunchScreen.storyboard */; };
		D4ED13142A2819C100B0107C /* AnyRemoteListFetchStrategy.swift in Sources */ = {isa = PBXBuildFile; fileRef = D4ED13132A2819C100B0107C /* AnyRemoteListFetchStrategy.swift */; };
		D4ED13192A281BCD00B0107C /* RemoteListFetchStrategy.swift in Sources */ = {isa = PBXBuildFile; fileRef = D4ED13182A281BCD00B0107C /* RemoteListFetchStrategy.swift */; };
		D4ED131C2A28287300B0107C /* AnyDataFetchCacheStrategy.swift in Sources */ = {isa = PBXBuildFile; fileRef = D4ED131B2A28287300B0107C /* AnyDataFetchCacheStrategy.swift */; };
		D4ED131E2A28288900B0107C /* DataFetchCacheStrategy.swift in Sources */ = {isa = PBXBuildFile; fileRef = D4ED131D2A28288900B0107C /* DataFetchCacheStrategy.swift */; };
/* End PBXBuildFile section */

/* Begin PBXContainerItemProxy section */
		D468A3B92A2A648500DC693B /* PBXContainerItemProxy */ = {
			isa = PBXContainerItemProxy;
			containerPortal = D4E0EC012A20D5A000EF0BE7 /* Project object */;
			proxyType = 1;
			remoteGlobalIDString = D4E0EC082A20D5A000EF0BE7;
			remoteInfo = BallPark;
		};
/* End PBXContainerItemProxy section */

/* Begin PBXFileReference section */
		0A81FECCABFB99C4BAB434E9 /* Pods-BallPark.debug.xcconfig */ = {isa = PBXFileReference; includeInIndex = 1; lastKnownFileType = text.xcconfig; name = "Pods-BallPark.debug.xcconfig"; path = "Target Support Files/Pods-BallPark/Pods-BallPark.debug.xcconfig"; sourceTree = "<group>"; };
		8660F0BF7E08A4AE07EA93D1 /* Pods-BallPark.release.xcconfig */ = {isa = PBXFileReference; includeInIndex = 1; lastKnownFileType = text.xcconfig; name = "Pods-BallPark.release.xcconfig"; path = "Target Support Files/Pods-BallPark/Pods-BallPark.release.xcconfig"; sourceTree = "<group>"; };
		C9254B956FB951772B3011D8 /* Pods_BallPark.framework */ = {isa = PBXFileReference; explicitFileType = wrapper.framework; includeInIndex = 0; path = Pods_BallPark.framework; sourceTree = BUILT_PRODUCTS_DIR; };
		D44953322A24105500739698 /* AppConfigs.swift */ = {isa = PBXFileReference; lastKnownFileType = sourcecode.swift; path = AppConfigs.swift; sourceTree = "<group>"; };
		D44953342A24212F00739698 /* StringUtils.swift */ = {isa = PBXFileReference; lastKnownFileType = sourcecode.swift; path = StringUtils.swift; sourceTree = "<group>"; };
		D44953362A24307500739698 /* NextEventsViewController.swift */ = {isa = PBXFileReference; lastKnownFileType = sourcecode.swift; path = NextEventsViewController.swift; sourceTree = "<group>"; };
		D44953382A24332900739698 /* LatestResultsViewController.swift */ = {isa = PBXFileReference; lastKnownFileType = sourcecode.swift; path = LatestResultsViewController.swift; sourceTree = "<group>"; };
		D449533A2A24334500739698 /* TeamsViewController.swift */ = {isa = PBXFileReference; lastKnownFileType = sourcecode.swift; path = TeamsViewController.swift; sourceTree = "<group>"; };
		D449533C2A2434DB00739698 /* WithArgs.swift */ = {isa = PBXFileReference; lastKnownFileType = sourcecode.swift; path = WithArgs.swift; sourceTree = "<group>"; };
		D44953402A244D6900739698 /* Player.swift */ = {isa = PBXFileReference; lastKnownFileType = sourcecode.swift; path = Player.swift; sourceTree = "<group>"; };
		D44953422A244FD400739698 /* Team.swift */ = {isa = PBXFileReference; lastKnownFileType = sourcecode.swift; path = Team.swift; sourceTree = "<group>"; };
		D44953442A24523800739698 /* TeamDatabase.swift */ = {isa = PBXFileReference; lastKnownFileType = sourcecode.swift; path = TeamDatabase.swift; sourceTree = "<group>"; };
		D44953462A2452CF00739698 /* TeamNotifications.swift */ = {isa = PBXFileReference; lastKnownFileType = sourcecode.swift; path = TeamNotifications.swift; sourceTree = "<group>"; };
		D44953482A24536C00739698 /* TeamsRemoteService.swift */ = {isa = PBXFileReference; lastKnownFileType = sourcecode.swift; path = TeamsRemoteService.swift; sourceTree = "<group>"; };
		D449534A2A2453B800739698 /* TeamIdentity.swift */ = {isa = PBXFileReference; lastKnownFileType = sourcecode.swift; path = TeamIdentity.swift; sourceTree = "<group>"; };
		D449534C2A2454FC00739698 /* TeamsModel.swift */ = {isa = PBXFileReference; lastKnownFileType = sourcecode.swift; path = TeamsModel.swift; sourceTree = "<group>"; };
		D449534E2A24595400739698 /* TeamsViewModel.swift */ = {isa = PBXFileReference; lastKnownFileType = sourcecode.swift; path = TeamsViewModel.swift; sourceTree = "<group>"; };
		D468A3A22A2A499900DC693B /* AnyLeagueEvent.swift */ = {isa = PBXFileReference; lastKnownFileType = sourcecode.swift; path = AnyLeagueEvent.swift; sourceTree = "<group>"; };
		D468A3A42A2A4A6A00DC693B /* TennisEvent.swift */ = {isa = PBXFileReference; lastKnownFileType = sourcecode.swift; path = TennisEvent.swift; sourceTree = "<group>"; };
		D468A3A62A2A54FC00DC693B /* LeaguePlayersRemoteService.swift */ = {isa = PBXFileReference; lastKnownFileType = sourcecode.swift; path = LeaguePlayersRemoteService.swift; sourceTree = "<group>"; };
		D468A3AA2A2A562A00DC693B /* LeaguePlayersModel.swift */ = {isa = PBXFileReference; lastKnownFileType = sourcecode.swift; path = LeaguePlayersModel.swift; sourceTree = "<group>"; };
		D468A3AC2A2A59DE00DC693B /* AnyPlayer.swift */ = {isa = PBXFileReference; lastKnownFileType = sourcecode.swift; path = AnyPlayer.swift; sourceTree = "<group>"; };
		D468A3AE2A2A5AA600DC693B /* AnyPlayersModel.swift */ = {isa = PBXFileReference; lastKnownFileType = sourcecode.swift; path = AnyPlayersModel.swift; sourceTree = "<group>"; };
		D468A3B52A2A648500DC693B /* BallParkTests.xctest */ = {isa = PBXFileReference; explicitFileType = wrapper.cfbundle; includeInIndex = 0; path = BallParkTests.xctest; sourceTree = BUILT_PRODUCTS_DIR; };
		D468A3B72A2A648500DC693B /* BallParkTests.swift */ = {isa = PBXFileReference; lastKnownFileType = sourcecode.swift; path = BallParkTests.swift; sourceTree = "<group>"; };
		D468A3C12A2A6C5E00DC693B /* AnyLeaguesViewModel.swift */ = {isa = PBXFileReference; lastKnownFileType = sourcecode.swift; path = AnyLeaguesViewModel.swift; sourceTree = "<group>"; };
		D468A3C32A2A84EA00DC693B /* LivescoresRemoteService.swift */ = {isa = PBXFileReference; lastKnownFileType = sourcecode.swift; path = LivescoresRemoteService.swift; sourceTree = "<group>"; };
		D468A3C52A2A85B900DC693B /* LivescoresModel.swift */ = {isa = PBXFileReference; lastKnownFileType = sourcecode.swift; path = LivescoresModel.swift; sourceTree = "<group>"; };
		D468A3C82A2A8D4E00DC693B /* AnyPlayersViewModel.swift */ = {isa = PBXFileReference; lastKnownFileType = sourcecode.swift; path = AnyPlayersViewModel.swift; sourceTree = "<group>"; };
		D468A3CA2A2A8ED100DC693B /* TennisPlayersViewModel.swift */ = {isa = PBXFileReference; lastKnownFileType = sourcecode.swift; path = TennisPlayersViewModel.swift; sourceTree = "<group>"; };
		D468A3CE2A2A940F00DC693B /* LeagueEvents.swift */ = {isa = PBXFileReference; lastKnownFileType = sourcecode.swift; path = LeagueEvents.swift; sourceTree = "<group>"; };
		D468A3D32A2ACC7900DC693B /* PlayersRemoteServiceTests.swift */ = {isa = PBXFileReference; lastKnownFileType = sourcecode.swift; path = PlayersRemoteServiceTests.swift; sourceTree = "<group>"; };
		D468A3D82A2ACEDE00DC693B /* MockDecoder.swift */ = {isa = PBXFileReference; lastKnownFileType = sourcecode.swift; path = MockDecoder.swift; sourceTree = "<group>"; };
		D468A3DC2A2ACF6400DC693B /* MockRemoteClient.swift */ = {isa = PBXFileReference; lastKnownFileType = sourcecode.swift; path = MockRemoteClient.swift; sourceTree = "<group>"; };
		D468A3DF2A2AD42E00DC693B /* TestManagedObjectContextFactory.swift */ = {isa = PBXFileReference; lastKnownFileType = sourcecode.swift; path = TestManagedObjectContextFactory.swift; sourceTree = "<group>"; };
		D468A3E12A2AD4CB00DC693B /* TestError.swift */ = {isa = PBXFileReference; lastKnownFileType = sourcecode.swift; path = TestError.swift; sourceTree = "<group>"; };
		D468A3E32A2AD9D000DC693B /* PlayersResponse.json */ = {isa = PBXFileReference; lastKnownFileType = text.json; path = PlayersResponse.json; sourceTree = "<group>"; };
		D47F7B502A26CBF100BBEF73 /* AnyImageLoader.swift */ = {isa = PBXFileReference; lastKnownFileType = sourcecode.swift; path = AnyImageLoader.swift; sourceTree = "<group>"; };
		D47F7B522A26CC6100BBEF73 /* KFImageLoader.swift */ = {isa = PBXFileReference; lastKnownFileType = sourcecode.swift; path = KFImageLoader.swift; sourceTree = "<group>"; };
		D47F7B542A26D30B00BBEF73 /* WithEmptyView.swift */ = {isa = PBXFileReference; lastKnownFileType = sourcecode.swift; path = WithEmptyView.swift; sourceTree = "<group>"; };
		D47F7B562A26D3CF00BBEF73 /* WithErrorView.swift */ = {isa = PBXFileReference; lastKnownFileType = sourcecode.swift; path = WithErrorView.swift; sourceTree = "<group>"; };
		D47F7B5B2A26DDA000BBEF73 /* TeamHeader.xib */ = {isa = PBXFileReference; lastKnownFileType = file.xib; path = TeamHeader.xib; sourceTree = "<group>"; };
		D47F7B5D2A26DDC700BBEF73 /* TeamHeader.swift */ = {isa = PBXFileReference; lastKnownFileType = sourcecode.swift; path = TeamHeader.swift; sourceTree = "<group>"; };
		D47F7B622A26FC0A00BBEF73 /* PlayerDatabase.swift */ = {isa = PBXFileReference; lastKnownFileType = sourcecode.swift; path = PlayerDatabase.swift; sourceTree = "<group>"; };
		D47F7B642A26FD0300BBEF73 /* PlayersRemoteService.swift */ = {isa = PBXFileReference; lastKnownFileType = sourcecode.swift; path = PlayersRemoteService.swift; sourceTree = "<group>"; };
		D47F7B662A26FDAB00BBEF73 /* PlayersModel.swift */ = {isa = PBXFileReference; lastKnownFileType = sourcecode.swift; path = PlayersModel.swift; sourceTree = "<group>"; };
		D47F7B682A26FE9500BBEF73 /* PlayersViewModel.swift */ = {isa = PBXFileReference; lastKnownFileType = sourcecode.swift; path = PlayersViewModel.swift; sourceTree = "<group>"; };
		D4894F432A20E43300B206FB /* RemoteClient.swift */ = {isa = PBXFileReference; lastKnownFileType = sourcecode.swift; path = RemoteClient.swift; sourceTree = "<group>"; };
		D4894F452A20E7E100B206FB /* AFRemoteClient.swift */ = {isa = PBXFileReference; lastKnownFileType = sourcecode.swift; path = AFRemoteClient.swift; sourceTree = "<group>"; };
		D4894F472A20F15600B206FB /* LeaguesRemoteService.swift */ = {isa = PBXFileReference; lastKnownFileType = sourcecode.swift; path = LeaguesRemoteService.swift; sourceTree = "<group>"; };
		D4894F4A2A20F1E400B206FB /* AnyDecoder.swift */ = {isa = PBXFileReference; lastKnownFileType = sourcecode.swift; path = AnyDecoder.swift; sourceTree = "<group>"; };
		D4894F4C2A20F3FC00B206FB /* JsonDecoder.swift */ = {isa = PBXFileReference; lastKnownFileType = sourcecode.swift; path = JsonDecoder.swift; sourceTree = "<group>"; };
		D4894F4E2A20F7B700B206FB /* League.swift */ = {isa = PBXFileReference; lastKnownFileType = sourcecode.swift; path = League.swift; sourceTree = "<group>"; };
		D4894F542A20FEA900B206FB /* AnyEnvironment.swift */ = {isa = PBXFileReference; lastKnownFileType = sourcecode.swift; path = AnyEnvironment.swift; sourceTree = "<group>"; };
		D4894F562A20FEE900B206FB /* Environment.swift */ = {isa = PBXFileReference; lastKnownFileType = sourcecode.swift; path = Environment.swift; sourceTree = "<group>"; };
		D4894F592A21006C00B206FB /* CodingUserInfoKey.swift */ = {isa = PBXFileReference; lastKnownFileType = sourcecode.swift; path = CodingUserInfoKey.swift; sourceTree = "<group>"; };
		D4894F5B2A21019300B206FB /* ListResponse.swift */ = {isa = PBXFileReference; lastKnownFileType = sourcecode.swift; path = ListResponse.swift; sourceTree = "<group>"; };
		D4894F5D2A210A4200B206FB /* LeaguesViewController.swift */ = {isa = PBXFileReference; lastKnownFileType = sourcecode.swift; path = LeaguesViewController.swift; sourceTree = "<group>"; };
		D4894F5F2A210A9800B206FB /* AnyStoryboardView.swift */ = {isa = PBXFileReference; lastKnownFileType = sourcecode.swift; path = AnyStoryboardView.swift; sourceTree = "<group>"; };
		D4894F612A210DCA00B206FB /* UIState.swift */ = {isa = PBXFileReference; lastKnownFileType = sourcecode.swift; path = UIState.swift; sourceTree = "<group>"; };
		D4894F652A210FC300B206FB /* LeaguesViewModel.swift */ = {isa = PBXFileReference; lastKnownFileType = sourcecode.swift; path = LeaguesViewModel.swift; sourceTree = "<group>"; };
		D4894F672A21109D00B206FB /* LeaguesModel.swift */ = {isa = PBXFileReference; lastKnownFileType = sourcecode.swift; path = LeaguesModel.swift; sourceTree = "<group>"; };
		D4894F692A212BA300B206FB /* WithLoaderView.swift */ = {isa = PBXFileReference; lastKnownFileType = sourcecode.swift; path = WithLoaderView.swift; sourceTree = "<group>"; };
		D4894F6B2A212F4E00B206FB /* LeagueTableViewCell.swift */ = {isa = PBXFileReference; lastKnownFileType = sourcecode.swift; name = LeagueTableViewCell.swift; path = BallPark/Features/Leagues/Views/LeagueCell/LeagueTableViewCell.swift; sourceTree = SOURCE_ROOT; };
		D4894F6C2A212F4E00B206FB /* LeagueTableViewCell.xib */ = {isa = PBXFileReference; lastKnownFileType = file.xib; name = LeagueTableViewCell.xib; path = BallPark/Features/Leagues/Views/LeagueCell/LeagueTableViewCell.xib; sourceTree = SOURCE_ROOT; };
		D4894F6F2A21310A00B206FB /* StadiumImageView.swift */ = {isa = PBXFileReference; lastKnownFileType = sourcecode.swift; path = StadiumImageView.swift; sourceTree = "<group>"; };
		D4894F712A213DA800B206FB /* FavouriteLeaguesViewController.swift */ = {isa = PBXFileReference; lastKnownFileType = sourcecode.swift; path = FavouriteLeaguesViewController.swift; sourceTree = "<group>"; };
		D4894F772A215DA200B206FB /* FavouriteLeaguesModel.swift */ = {isa = PBXFileReference; lastKnownFileType = sourcecode.swift; path = FavouriteLeaguesModel.swift; sourceTree = "<group>"; };
		D4894F7A2A216AF000B206FB /* Database.swift */ = {isa = PBXFileReference; lastKnownFileType = sourcecode.swift; path = Database.swift; sourceTree = "<group>"; };
		D4894F7D2A216F0200B206FB /* CoreDataUtils.swift */ = {isa = PBXFileReference; lastKnownFileType = sourcecode.swift; path = CoreDataUtils.swift; sourceTree = "<group>"; };
		D4894F842A21779D00B206FB /* LeagueDatabase.swift */ = {isa = PBXFileReference; lastKnownFileType = sourcecode.swift; path = LeagueDatabase.swift; sourceTree = "<group>"; };
		D4894F862A2182E300B206FB /* ServiceLocatorUtils.swift */ = {isa = PBXFileReference; lastKnownFileType = sourcecode.swift; path = ServiceLocatorUtils.swift; sourceTree = "<group>"; };
		D48DE4BA2A253574003163C7 /* FavouriteTeamsModel.swift */ = {isa = PBXFileReference; lastKnownFileType = sourcecode.swift; path = FavouriteTeamsModel.swift; sourceTree = "<group>"; };
		D48DE4BC2A2535BF003163C7 /* FavouriteTeamsViewModel.swift */ = {isa = PBXFileReference; lastKnownFileType = sourcecode.swift; path = FavouriteTeamsViewModel.swift; sourceTree = "<group>"; };
		D48DE4BF2A2538BB003163C7 /* TeamTableViewCell.xib */ = {isa = PBXFileReference; fileEncoding = 4; lastKnownFileType = file.xib; path = TeamTableViewCell.xib; sourceTree = "<group>"; };
		D48DE4C12A2538DE003163C7 /* TeamTableViewCell.swift */ = {isa = PBXFileReference; fileEncoding = 4; lastKnownFileType = sourcecode.swift; path = TeamTableViewCell.swift; sourceTree = "<group>"; };
		D48DE4C32A253A43003163C7 /* FavouriteTeamsViewController.swift */ = {isa = PBXFileReference; lastKnownFileType = sourcecode.swift; path = FavouriteTeamsViewController.swift; sourceTree = "<group>"; };
		D48DE4C92A253E7C003163C7 /* TeamViewController.swift */ = {isa = PBXFileReference; lastKnownFileType = sourcecode.swift; path = TeamViewController.swift; sourceTree = "<group>"; };
		D48DE4CB2A253EB2003163C7 /* TeamModel.swift */ = {isa = PBXFileReference; lastKnownFileType = sourcecode.swift; path = TeamModel.swift; sourceTree = "<group>"; };
		D48DE4CE2A253F69003163C7 /* TeamViewModel.swift */ = {isa = PBXFileReference; lastKnownFileType = sourcecode.swift; path = TeamViewModel.swift; sourceTree = "<group>"; };
		D4D2CDCC2A222EA3009EB45B /* SportsViewController.swift */ = {isa = PBXFileReference; lastKnownFileType = sourcecode.swift; path = SportsViewController.swift; sourceTree = "<group>"; };
		D4D2CDCE2A22362A009EB45B /* AnyInstantiableView.swift */ = {isa = PBXFileReference; lastKnownFileType = sourcecode.swift; path = AnyInstantiableView.swift; sourceTree = "<group>"; };
		D4D2CDD02A224605009EB45B /* InsetsUtils.swift */ = {isa = PBXFileReference; lastKnownFileType = sourcecode.swift; path = InsetsUtils.swift; sourceTree = "<group>"; };
		D4D2CDD42A22A9EE009EB45B /* LeagueViewController.swift */ = {isa = PBXFileReference; lastKnownFileType = sourcecode.swift; path = LeagueViewController.swift; sourceTree = "<group>"; };
		D4D2CDD72A22AF9F009EB45B /* Notifications.swift */ = {isa = PBXFileReference; lastKnownFileType = sourcecode.swift; path = Notifications.swift; sourceTree = "<group>"; };
		D4D2CDD92A22B021009EB45B /* LeagueNotifications.swift */ = {isa = PBXFileReference; lastKnownFileType = sourcecode.swift; path = LeagueNotifications.swift; sourceTree = "<group>"; };
		D4D2CDDB2A22B3E7009EB45B /* FavouriteLeaguesViewModel.swift */ = {isa = PBXFileReference; lastKnownFileType = sourcecode.swift; path = FavouriteLeaguesViewModel.swift; sourceTree = "<group>"; };
		D4D2CDDD2A22BC58009EB45B /* LeagueViewModel.swift */ = {isa = PBXFileReference; lastKnownFileType = sourcecode.swift; path = LeagueViewModel.swift; sourceTree = "<group>"; };
		D4D2CDDF2A22BE38009EB45B /* NextEventsModel.swift */ = {isa = PBXFileReference; lastKnownFileType = sourcecode.swift; path = NextEventsModel.swift; sourceTree = "<group>"; };
		D4D2CDE12A22BFE0009EB45B /* LeagueEventsRemoteService.swift */ = {isa = PBXFileReference; lastKnownFileType = sourcecode.swift; path = LeagueEventsRemoteService.swift; sourceTree = "<group>"; };
		D4D2CDE42A22C1A3009EB45B /* LeagueIdentity.swift */ = {isa = PBXFileReference; lastKnownFileType = sourcecode.swift; path = LeagueIdentity.swift; sourceTree = "<group>"; };
		D4D2CDE62A22C3CF009EB45B /* LeagueEventsViewModel.swift */ = {isa = PBXFileReference; lastKnownFileType = sourcecode.swift; path = LeagueEventsViewModel.swift; sourceTree = "<group>"; };
		D4D2CDE82A22C79B009EB45B /* LeagueEvent.swift */ = {isa = PBXFileReference; lastKnownFileType = sourcecode.swift; path = LeagueEvent.swift; sourceTree = "<group>"; };
		D4D2CDEC2A22C994009EB45B /* LeagueEventsModel.swift */ = {isa = PBXFileReference; lastKnownFileType = sourcecode.swift; path = LeagueEventsModel.swift; sourceTree = "<group>"; };
		D4D2CDEE2A22CAE1009EB45B /* LatestEventsModel.swift */ = {isa = PBXFileReference; lastKnownFileType = sourcecode.swift; path = LatestEventsModel.swift; sourceTree = "<group>"; };
		D4D2CDF02A22CE70009EB45B /* LeagueModel.swift */ = {isa = PBXFileReference; lastKnownFileType = sourcecode.swift; path = LeagueModel.swift; sourceTree = "<group>"; };
		D4D2CDF22A22CF4D009EB45B /* Errors.swift */ = {isa = PBXFileReference; lastKnownFileType = sourcecode.swift; path = Errors.swift; sourceTree = "<group>"; };
		D4E0EC092A20D5A000EF0BE7 /* BallPark.app */ = {isa = PBXFileReference; explicitFileType = wrapper.application; includeInIndex = 0; path = BallPark.app; sourceTree = BUILT_PRODUCTS_DIR; };
		D4E0EC0C2A20D5A000EF0BE7 /* AppDelegate.swift */ = {isa = PBXFileReference; lastKnownFileType = sourcecode.swift; path = AppDelegate.swift; sourceTree = "<group>"; };
		D4E0EC0E2A20D5A000EF0BE7 /* SceneDelegate.swift */ = {isa = PBXFileReference; lastKnownFileType = sourcecode.swift; path = SceneDelegate.swift; sourceTree = "<group>"; };
		D4E0EC132A20D5A000EF0BE7 /* Base */ = {isa = PBXFileReference; lastKnownFileType = file.storyboard; name = Base; path = Base.lproj/Main.storyboard; sourceTree = "<group>"; };
		D4E0EC162A20D5A000EF0BE7 /* BallPark.xcdatamodel */ = {isa = PBXFileReference; lastKnownFileType = wrapper.xcdatamodel; path = BallPark.xcdatamodel; sourceTree = "<group>"; };
		D4E0EC182A20D5A100EF0BE7 /* Assets.xcassets */ = {isa = PBXFileReference; lastKnownFileType = folder.assetcatalog; path = Assets.xcassets; sourceTree = "<group>"; };
		D4E0EC1B2A20D5A100EF0BE7 /* Base */ = {isa = PBXFileReference; lastKnownFileType = file.storyboard; name = Base; path = Base.lproj/LaunchScreen.storyboard; sourceTree = "<group>"; };
		D4E0EC1D2A20D5A100EF0BE7 /* Info.plist */ = {isa = PBXFileReference; lastKnownFileType = text.plist.xml; path = Info.plist; sourceTree = "<group>"; };
		D4ED13132A2819C100B0107C /* AnyRemoteListFetchStrategy.swift */ = {isa = PBXFileReference; lastKnownFileType = sourcecode.swift; path = AnyRemoteListFetchStrategy.swift; sourceTree = "<group>"; };
		D4ED13182A281BCD00B0107C /* RemoteListFetchStrategy.swift */ = {isa = PBXFileReference; lastKnownFileType = sourcecode.swift; path = RemoteListFetchStrategy.swift; sourceTree = "<group>"; };
		D4ED131B2A28287300B0107C /* AnyDataFetchCacheStrategy.swift */ = {isa = PBXFileReference; lastKnownFileType = sourcecode.swift; path = AnyDataFetchCacheStrategy.swift; sourceTree = "<group>"; };
		D4ED131D2A28288900B0107C /* DataFetchCacheStrategy.swift */ = {isa = PBXFileReference; lastKnownFileType = sourcecode.swift; path = DataFetchCacheStrategy.swift; sourceTree = "<group>"; };
/* End PBXFileReference section */

/* Begin PBXFrameworksBuildPhase section */
		D468A3B22A2A648500DC693B /* Frameworks */ = {
			isa = PBXFrameworksBuildPhase;
			buildActionMask = 2147483647;
			files = (
			);
			runOnlyForDeploymentPostprocessing = 0;
		};
		D4E0EC062A20D5A000EF0BE7 /* Frameworks */ = {
			isa = PBXFrameworksBuildPhase;
			buildActionMask = 2147483647;
			files = (
				B7CF15F80C6C03A89D524A45 /* Pods_BallPark.framework in Frameworks */,
			);
			runOnlyForDeploymentPostprocessing = 0;
		};
/* End PBXFrameworksBuildPhase section */

/* Begin PBXGroup section */
		055D03D46FE9C19DAAF2B4A0 /* Frameworks */ = {
			isa = PBXGroup;
			children = (
				C9254B956FB951772B3011D8 /* Pods_BallPark.framework */,
			);
			name = Frameworks;
			sourceTree = "<group>";
		};
		D468A3B02A2A622A00DC693B /* Players */ = {
			isa = PBXGroup;
			children = (
				D468A3AE2A2A5AA600DC693B /* AnyPlayersModel.swift */,
				D449534C2A2454FC00739698 /* TeamsModel.swift */,
				D468A3AA2A2A562A00DC693B /* LeaguePlayersModel.swift */,
			);
			path = Players;
			sourceTree = "<group>";
		};
		D468A3B62A2A648500DC693B /* BallParkTests */ = {
			isa = PBXGroup;
			children = (
				D468A3D52A2ACE2700DC693B /* Core */,
				D468A3D02A2ACC4800DC693B /* Features */,
				D468A3B72A2A648500DC693B /* BallParkTests.swift */,
			);
			path = BallParkTests;
			sourceTree = "<group>";
		};
		D468A3C02A2A680200DC693B /* Events */ = {
			isa = PBXGroup;
			children = (
				D4D2CDEC2A22C994009EB45B /* LeagueEventsModel.swift */,
				D4D2CDDF2A22BE38009EB45B /* NextEventsModel.swift */,
				D4D2CDEE2A22CAE1009EB45B /* LatestEventsModel.swift */,
				D468A3C52A2A85B900DC693B /* LivescoresModel.swift */,
			);
			path = Events;
			sourceTree = "<group>";
		};
		D468A3C72A2A8D3B00DC693B /* Players */ = {
			isa = PBXGroup;
			children = (
				D468A3C82A2A8D4E00DC693B /* AnyPlayersViewModel.swift */,
				D449534E2A24595400739698 /* TeamsViewModel.swift */,
				D468A3CA2A2A8ED100DC693B /* TennisPlayersViewModel.swift */,
			);
			path = Players;
			sourceTree = "<group>";
		};
		D468A3CD2A2A93EA00DC693B /* Helpers */ = {
			isa = PBXGroup;
			children = (
				D468A3CE2A2A940F00DC693B /* LeagueEvents.swift */,
			);
			path = Helpers;
			sourceTree = "<group>";
		};
		D468A3D02A2ACC4800DC693B /* Features */ = {
			isa = PBXGroup;
			children = (
				D468A3D12A2ACC5200DC693B /* Team */,
			);
			path = Features;
			sourceTree = "<group>";
		};
		D468A3D12A2ACC5200DC693B /* Team */ = {
			isa = PBXGroup;
			children = (
				D468A3D22A2ACC5B00DC693B /* Services */,
			);
			path = Team;
			sourceTree = "<group>";
		};
		D468A3D22A2ACC5B00DC693B /* Services */ = {
			isa = PBXGroup;
			children = (
				D468A3D32A2ACC7900DC693B /* PlayersRemoteServiceTests.swift */,
				D468A3E32A2AD9D000DC693B /* PlayersResponse.json */,
			);
			path = Services;
			sourceTree = "<group>";
		};
		D468A3D52A2ACE2700DC693B /* Core */ = {
			isa = PBXGroup;
			children = (
				D468A3DE2A2AD41600DC693B /* Helpers */,
				D468A3D62A2ACE3100DC693B /* Services */,
			);
			path = Core;
			sourceTree = "<group>";
		};
		D468A3D62A2ACE3100DC693B /* Services */ = {
			isa = PBXGroup;
			children = (
				D468A3DA2A2ACF4D00DC693B /* RemoteClient */,
				D468A3D72A2ACE4200DC693B /* Decoder */,
			);
			path = Services;
			sourceTree = "<group>";
		};
		D468A3D72A2ACE4200DC693B /* Decoder */ = {
			isa = PBXGroup;
			children = (
				D468A3D82A2ACEDE00DC693B /* MockDecoder.swift */,
			);
			path = Decoder;
			sourceTree = "<group>";
		};
		D468A3DA2A2ACF4D00DC693B /* RemoteClient */ = {
			isa = PBXGroup;
			children = (
				D468A3DC2A2ACF6400DC693B /* MockRemoteClient.swift */,
			);
			path = RemoteClient;
			sourceTree = "<group>";
		};
		D468A3DE2A2AD41600DC693B /* Helpers */ = {
			isa = PBXGroup;
			children = (
				D468A3DF2A2AD42E00DC693B /* TestManagedObjectContextFactory.swift */,
				D468A3E12A2AD4CB00DC693B /* TestError.swift */,
			);
			path = Helpers;
			sourceTree = "<group>";
		};
		D47F7B4F2A26CBE100BBEF73 /* Images */ = {
			isa = PBXGroup;
			children = (
				D47F7B502A26CBF100BBEF73 /* AnyImageLoader.swift */,
				D47F7B522A26CC6100BBEF73 /* KFImageLoader.swift */,
			);
			path = Images;
			sourceTree = "<group>";
		};
		D47F7B582A26D64200BBEF73 /* LeagueCell */ = {
			isa = PBXGroup;
			children = (
				D4894F6C2A212F4E00B206FB /* LeagueTableViewCell.xib */,
				D4894F6B2A212F4E00B206FB /* LeagueTableViewCell.swift */,
			);
			path = LeagueCell;
			sourceTree = "<group>";
		};
		D47F7B592A26D65400BBEF73 /* TeamCell */ = {
			isa = PBXGroup;
			children = (
				D48DE4BF2A2538BB003163C7 /* TeamTableViewCell.xib */,
				D48DE4C12A2538DE003163C7 /* TeamTableViewCell.swift */,
			);
			path = TeamCell;
			sourceTree = "<group>";
		};
		D47F7B5A2A26DCFC00BBEF73 /* TeamHeader */ = {
			isa = PBXGroup;
			children = (
				D47F7B5B2A26DDA000BBEF73 /* TeamHeader.xib */,
				D47F7B5D2A26DDC700BBEF73 /* TeamHeader.swift */,
			);
			path = TeamHeader;
			sourceTree = "<group>";
		};
		D47F7B612A26FBF300BBEF73 /* Services */ = {
			isa = PBXGroup;
			children = (
				D47F7B622A26FC0A00BBEF73 /* PlayerDatabase.swift */,
				D47F7B642A26FD0300BBEF73 /* PlayersRemoteService.swift */,
			);
			path = Services;
			sourceTree = "<group>";
		};
		D4894F412A20E3DD00B206FB /* Services */ = {
			isa = PBXGroup;
			children = (
				D47F7B4F2A26CBE100BBEF73 /* Images */,
				D4894F792A216AD700B206FB /* Database */,
				D4894F532A20FE8500B206FB /* Environment */,
				D4894F492A20F1B100B206FB /* Decoder */,
				D4894F422A20E3F200B206FB /* RemoteClient */,
			);
			path = Services;
			sourceTree = "<group>";
		};
		D4894F422A20E3F200B206FB /* RemoteClient */ = {
			isa = PBXGroup;
			children = (
				D4894F432A20E43300B206FB /* RemoteClient.swift */,
				D4894F452A20E7E100B206FB /* AFRemoteClient.swift */,
			);
			path = RemoteClient;
			sourceTree = "<group>";
		};
		D4894F492A20F1B100B206FB /* Decoder */ = {
			isa = PBXGroup;
			children = (
				D4894F4A2A20F1E400B206FB /* AnyDecoder.swift */,
				D4894F4C2A20F3FC00B206FB /* JsonDecoder.swift */,
			);
			path = Decoder;
			sourceTree = "<group>";
		};
		D4894F532A20FE8500B206FB /* Environment */ = {
			isa = PBXGroup;
			children = (
				D4894F542A20FEA900B206FB /* AnyEnvironment.swift */,
				D4894F562A20FEE900B206FB /* Environment.swift */,
			);
			path = Environment;
			sourceTree = "<group>";
		};
		D4894F582A21004C00B206FB /* Helpers */ = {
			isa = PBXGroup;
			children = (
				D4894F592A21006C00B206FB /* CodingUserInfoKey.swift */,
				D4894F612A210DCA00B206FB /* UIState.swift */,
				D4D2CDD92A22B021009EB45B /* LeagueNotifications.swift */,
				D44953462A2452CF00739698 /* TeamNotifications.swift */,
			);
			path = Helpers;
			sourceTree = "<group>";
		};
		D4894F792A216AD700B206FB /* Database */ = {
			isa = PBXGroup;
			children = (
				D4894F7A2A216AF000B206FB /* Database.swift */,
			);
			path = Database;
			sourceTree = "<group>";
		};
		D4894F7C2A216EEE00B206FB /* Helpers */ = {
			isa = PBXGroup;
			children = (
				D4894F7D2A216F0200B206FB /* CoreDataUtils.swift */,
				D4894F862A2182E300B206FB /* ServiceLocatorUtils.swift */,
				D4D2CDD02A224605009EB45B /* InsetsUtils.swift */,
				D4D2CDD72A22AF9F009EB45B /* Notifications.swift */,
				D4D2CDF22A22CF4D009EB45B /* Errors.swift */,
				D44953322A24105500739698 /* AppConfigs.swift */,
				D44953342A24212F00739698 /* StringUtils.swift */,
			);
			path = Helpers;
			sourceTree = "<group>";
		};
		D48DE4C52A253D83003163C7 /* Team */ = {
			isa = PBXGroup;
			children = (
				D47F7B612A26FBF300BBEF73 /* Services */,
				D48DE4C62A253E10003163C7 /* Models */,
				D48DE4C72A253E4A003163C7 /* ViewModels */,
				D48DE4C82A253E51003163C7 /* Views */,
			);
			path = Team;
			sourceTree = "<group>";
		};
		D48DE4C62A253E10003163C7 /* Models */ = {
			isa = PBXGroup;
			children = (
				D48DE4CB2A253EB2003163C7 /* TeamModel.swift */,
				D47F7B662A26FDAB00BBEF73 /* PlayersModel.swift */,
			);
			path = Models;
			sourceTree = "<group>";
		};
		D48DE4C72A253E4A003163C7 /* ViewModels */ = {
			isa = PBXGroup;
			children = (
				D48DE4CE2A253F69003163C7 /* TeamViewModel.swift */,
				D47F7B682A26FE9500BBEF73 /* PlayersViewModel.swift */,
			);
			path = ViewModels;
			sourceTree = "<group>";
		};
		D48DE4C82A253E51003163C7 /* Views */ = {
			isa = PBXGroup;
			children = (
				D47F7B5A2A26DCFC00BBEF73 /* TeamHeader */,
				D48DE4C92A253E7C003163C7 /* TeamViewController.swift */,
			);
			path = Views;
			sourceTree = "<group>";
		};
		D4E0EC002A20D5A000EF0BE7 = {
			isa = PBXGroup;
			children = (
				D4E0EC0B2A20D5A000EF0BE7 /* BallPark */,
				D468A3B62A2A648500DC693B /* BallParkTests */,
				D4E0EC0A2A20D5A000EF0BE7 /* Products */,
				FCB30460A5EA9E3A66F36813 /* Pods */,
				055D03D46FE9C19DAAF2B4A0 /* Frameworks */,
			);
			sourceTree = "<group>";
		};
		D4E0EC0A2A20D5A000EF0BE7 /* Products */ = {
			isa = PBXGroup;
			children = (
				D4E0EC092A20D5A000EF0BE7 /* BallPark.app */,
				D468A3B52A2A648500DC693B /* BallParkTests.xctest */,
			);
			name = Products;
			sourceTree = "<group>";
		};
		D4E0EC0B2A20D5A000EF0BE7 /* BallPark */ = {
			isa = PBXGroup;
			children = (
				D4E0EC262A20D60300EF0BE7 /* Resources */,
				D4E0EC242A20D5E400EF0BE7 /* Core */,
				D4E0EC232A20D5BF00EF0BE7 /* Features */,
				D4E0EC1D2A20D5A100EF0BE7 /* Info.plist */,
			);
			path = BallPark;
			sourceTree = "<group>";
		};
		D4E0EC232A20D5BF00EF0BE7 /* Features */ = {
			isa = PBXGroup;
			children = (
				D48DE4C52A253D83003163C7 /* Team */,
				D4E0EC2A2A20D65C00EF0BE7 /* League */,
				D4E0EC292A20D65200EF0BE7 /* Leagues */,
				D4E0EC282A20D64A00EF0BE7 /* Favourites */,
				D4E0EC272A20D64000EF0BE7 /* Sports */,
				D4E0EC252A20D5EB00EF0BE7 /* Common */,
			);
			path = Features;
			sourceTree = "<group>";
		};
		D4E0EC242A20D5E400EF0BE7 /* Core */ = {
			isa = PBXGroup;
			children = (
				D4ED13162A281A3D00B0107C /* Strategies */,
				D4894F7C2A216EEE00B206FB /* Helpers */,
				D4894F412A20E3DD00B206FB /* Services */,
				D4E0EC2C2A20D68D00EF0BE7 /* Delegates */,
			);
			path = Core;
			sourceTree = "<group>";
		};
		D4E0EC252A20D5EB00EF0BE7 /* Common */ = {
			isa = PBXGroup;
			children = (
				D4894F582A21004C00B206FB /* Helpers */,
				D4E0EC3F2A20DA9400EF0BE7 /* Entity */,
				D4E0EC432A20DAAA00EF0BE7 /* Services */,
				D4E0EC472A20DABE00EF0BE7 /* Models */,
				D4E0EC4B2A20DAD500EF0BE7 /* ViewModels */,
				D4E0EC4F2A20DAE700EF0BE7 /* Views */,
			);
			path = Common;
			sourceTree = "<group>";
		};
		D4E0EC262A20D60300EF0BE7 /* Resources */ = {
			isa = PBXGroup;
			children = (
				D4E0EC182A20D5A100EF0BE7 /* Assets.xcassets */,
				D4E0EC122A20D5A000EF0BE7 /* Main.storyboard */,
				D4E0EC1A2A20D5A100EF0BE7 /* LaunchScreen.storyboard */,
				D4E0EC152A20D5A000EF0BE7 /* BallPark.xcdatamodeld */,
			);
			path = Resources;
			sourceTree = "<group>";
		};
		D4E0EC272A20D64000EF0BE7 /* Sports */ = {
			isa = PBXGroup;
			children = (
				D4E0EC312A20DA2700EF0BE7 /* Entity */,
				D4E0EC302A20D95100EF0BE7 /* Services */,
				D4E0EC2F2A20D94B00EF0BE7 /* Models */,
				D4E0EC2E2A20D94300EF0BE7 /* ViewModels */,
				D4E0EC2D2A20D93700EF0BE7 /* Views */,
			);
			path = Sports;
			sourceTree = "<group>";
		};
		D4E0EC282A20D64A00EF0BE7 /* Favourites */ = {
			isa = PBXGroup;
			children = (
				D4E0EC3E2A20DA8F00EF0BE7 /* Entity */,
				D4E0EC422A20DAA700EF0BE7 /* Services */,
				D4E0EC462A20DABA00EF0BE7 /* Models */,
				D4E0EC4A2A20DAD100EF0BE7 /* ViewModels */,
				D4E0EC4E2A20DAE400EF0BE7 /* Views */,
			);
			path = Favourites;
			sourceTree = "<group>";
		};
		D4E0EC292A20D65200EF0BE7 /* Leagues */ = {
			isa = PBXGroup;
			children = (
				D4E0EC3D2A20DA8A00EF0BE7 /* Entity */,
				D4E0EC412A20DAA200EF0BE7 /* Services */,
				D4E0EC452A20DAB700EF0BE7 /* Models */,
				D4E0EC492A20DACC00EF0BE7 /* ViewModels */,
				D4E0EC4D2A20DAE000EF0BE7 /* Views */,
			);
			path = Leagues;
			sourceTree = "<group>";
		};
		D4E0EC2A2A20D65C00EF0BE7 /* League */ = {
			isa = PBXGroup;
			children = (
				D468A3CD2A2A93EA00DC693B /* Helpers */,
				D4E0EC3C2A20DA8300EF0BE7 /* Entity */,
				D4E0EC402A20DA9B00EF0BE7 /* Services */,
				D4E0EC442A20DAB300EF0BE7 /* Models */,
				D4E0EC482A20DAC700EF0BE7 /* ViewModels */,
				D4E0EC4C2A20DADD00EF0BE7 /* Views */,
			);
			path = League;
			sourceTree = "<group>";
		};
		D4E0EC2C2A20D68D00EF0BE7 /* Delegates */ = {
			isa = PBXGroup;
			children = (
				D4E0EC0C2A20D5A000EF0BE7 /* AppDelegate.swift */,
				D4E0EC0E2A20D5A000EF0BE7 /* SceneDelegate.swift */,
			);
			path = Delegates;
			sourceTree = "<group>";
		};
		D4E0EC2D2A20D93700EF0BE7 /* Views */ = {
			isa = PBXGroup;
			children = (
				D4D2CDCC2A222EA3009EB45B /* SportsViewController.swift */,
			);
			path = Views;
			sourceTree = "<group>";
		};
		D4E0EC2E2A20D94300EF0BE7 /* ViewModels */ = {
			isa = PBXGroup;
			children = (
			);
			path = ViewModels;
			sourceTree = "<group>";
		};
		D4E0EC2F2A20D94B00EF0BE7 /* Models */ = {
			isa = PBXGroup;
			children = (
			);
			path = Models;
			sourceTree = "<group>";
		};
		D4E0EC302A20D95100EF0BE7 /* Services */ = {
			isa = PBXGroup;
			children = (
			);
			path = Services;
			sourceTree = "<group>";
		};
		D4E0EC312A20DA2700EF0BE7 /* Entity */ = {
			isa = PBXGroup;
			children = (
			);
			path = Entity;
			sourceTree = "<group>";
		};
		D4E0EC3C2A20DA8300EF0BE7 /* Entity */ = {
			isa = PBXGroup;
			children = (
				D468A3A22A2A499900DC693B /* AnyLeagueEvent.swift */,
				D4D2CDE82A22C79B009EB45B /* LeagueEvent.swift */,
				D468A3A42A2A4A6A00DC693B /* TennisEvent.swift */,
				D468A3AC2A2A59DE00DC693B /* AnyPlayer.swift */,
			);
			path = Entity;
			sourceTree = "<group>";
		};
		D4E0EC3D2A20DA8A00EF0BE7 /* Entity */ = {
			isa = PBXGroup;
			children = (
			);
			path = Entity;
			sourceTree = "<group>";
		};
		D4E0EC3E2A20DA8F00EF0BE7 /* Entity */ = {
			isa = PBXGroup;
			children = (
			);
			path = Entity;
			sourceTree = "<group>";
		};
		D4E0EC3F2A20DA9400EF0BE7 /* Entity */ = {
			isa = PBXGroup;
			children = (
				D4D2CDE42A22C1A3009EB45B /* LeagueIdentity.swift */,
				D4894F5B2A21019300B206FB /* ListResponse.swift */,
				D4894F4E2A20F7B700B206FB /* League.swift */,
				D44953402A244D6900739698 /* Player.swift */,
				D44953422A244FD400739698 /* Team.swift */,
				D449534A2A2453B800739698 /* TeamIdentity.swift */,
			);
			path = Entity;
			sourceTree = "<group>";
		};
		D4E0EC402A20DA9B00EF0BE7 /* Services */ = {
			isa = PBXGroup;
			children = (
				D468A3C32A2A84EA00DC693B /* LivescoresRemoteService.swift */,
				D4D2CDE12A22BFE0009EB45B /* LeagueEventsRemoteService.swift */,
				D44953482A24536C00739698 /* TeamsRemoteService.swift */,
				D468A3A62A2A54FC00DC693B /* LeaguePlayersRemoteService.swift */,
			);
			path = Services;
			sourceTree = "<group>";
		};
		D4E0EC412A20DAA200EF0BE7 /* Services */ = {
			isa = PBXGroup;
			children = (
				D4894F472A20F15600B206FB /* LeaguesRemoteService.swift */,
			);
			path = Services;
			sourceTree = "<group>";
		};
		D4E0EC422A20DAA700EF0BE7 /* Services */ = {
			isa = PBXGroup;
			children = (
			);
			path = Services;
			sourceTree = "<group>";
		};
		D4E0EC432A20DAAA00EF0BE7 /* Services */ = {
			isa = PBXGroup;
			children = (
				D4894F842A21779D00B206FB /* LeagueDatabase.swift */,
				D44953442A24523800739698 /* TeamDatabase.swift */,
			);
			path = Services;
			sourceTree = "<group>";
		};
		D4E0EC442A20DAB300EF0BE7 /* Models */ = {
			isa = PBXGroup;
			children = (
				D468A3C02A2A680200DC693B /* Events */,
				D468A3B02A2A622A00DC693B /* Players */,
				D4D2CDF02A22CE70009EB45B /* LeagueModel.swift */,
			);
			path = Models;
			sourceTree = "<group>";
		};
		D4E0EC452A20DAB700EF0BE7 /* Models */ = {
			isa = PBXGroup;
			children = (
				D4894F672A21109D00B206FB /* LeaguesModel.swift */,
			);
			path = Models;
			sourceTree = "<group>";
		};
		D4E0EC462A20DABA00EF0BE7 /* Models */ = {
			isa = PBXGroup;
			children = (
				D4894F772A215DA200B206FB /* FavouriteLeaguesModel.swift */,
				D48DE4BA2A253574003163C7 /* FavouriteTeamsModel.swift */,
			);
			path = Models;
			sourceTree = "<group>";
		};
		D4E0EC472A20DABE00EF0BE7 /* Models */ = {
			isa = PBXGroup;
			children = (
			);
			path = Models;
			sourceTree = "<group>";
		};
		D4E0EC482A20DAC700EF0BE7 /* ViewModels */ = {
			isa = PBXGroup;
			children = (
				D468A3C72A2A8D3B00DC693B /* Players */,
				D4D2CDDD2A22BC58009EB45B /* LeagueViewModel.swift */,
				D4D2CDE62A22C3CF009EB45B /* LeagueEventsViewModel.swift */,
			);
			path = ViewModels;
			sourceTree = "<group>";
		};
		D4E0EC492A20DACC00EF0BE7 /* ViewModels */ = {
			isa = PBXGroup;
			children = (
				D468A3C12A2A6C5E00DC693B /* AnyLeaguesViewModel.swift */,
				D4894F652A210FC300B206FB /* LeaguesViewModel.swift */,
			);
			path = ViewModels;
			sourceTree = "<group>";
		};
		D4E0EC4A2A20DAD100EF0BE7 /* ViewModels */ = {
			isa = PBXGroup;
			children = (
				D4D2CDDB2A22B3E7009EB45B /* FavouriteLeaguesViewModel.swift */,
				D48DE4BC2A2535BF003163C7 /* FavouriteTeamsViewModel.swift */,
			);
			path = ViewModels;
			sourceTree = "<group>";
		};
		D4E0EC4B2A20DAD500EF0BE7 /* ViewModels */ = {
			isa = PBXGroup;
			children = (
			);
			path = ViewModels;
			sourceTree = "<group>";
		};
		D4E0EC4C2A20DADD00EF0BE7 /* Views */ = {
			isa = PBXGroup;
			children = (
				D4D2CDD42A22A9EE009EB45B /* LeagueViewController.swift */,
				D44953362A24307500739698 /* NextEventsViewController.swift */,
				D44953382A24332900739698 /* LatestResultsViewController.swift */,
				D449533A2A24334500739698 /* TeamsViewController.swift */,
			);
			path = Views;
			sourceTree = "<group>";
		};
		D4E0EC4D2A20DAE000EF0BE7 /* Views */ = {
			isa = PBXGroup;
			children = (
				D47F7B582A26D64200BBEF73 /* LeagueCell */,
				D4894F5D2A210A4200B206FB /* LeaguesViewController.swift */,
			);
			path = Views;
			sourceTree = "<group>";
		};
		D4E0EC4E2A20DAE400EF0BE7 /* Views */ = {
			isa = PBXGroup;
			children = (
				D47F7B592A26D65400BBEF73 /* TeamCell */,
				D4894F712A213DA800B206FB /* FavouriteLeaguesViewController.swift */,
				D48DE4C32A253A43003163C7 /* FavouriteTeamsViewController.swift */,
			);
			path = Views;
			sourceTree = "<group>";
		};
		D4E0EC4F2A20DAE700EF0BE7 /* Views */ = {
			isa = PBXGroup;
			children = (
				D4894F5F2A210A9800B206FB /* AnyStoryboardView.swift */,
				D4894F692A212BA300B206FB /* WithLoaderView.swift */,
				D47F7B542A26D30B00BBEF73 /* WithEmptyView.swift */,
				D47F7B562A26D3CF00BBEF73 /* WithErrorView.swift */,
				D4894F6F2A21310A00B206FB /* StadiumImageView.swift */,
				D4D2CDCE2A22362A009EB45B /* AnyInstantiableView.swift */,
				D449533C2A2434DB00739698 /* WithArgs.swift */,
			);
			path = Views;
			sourceTree = "<group>";
		};
		D4ED13162A281A3D00B0107C /* Strategies */ = {
			isa = PBXGroup;
			children = (
				D4ED131A2A2820F200B0107C /* DataFetch */,
				D4ED13172A281A4700B0107C /* RemoteFetch */,
			);
			path = Strategies;
			sourceTree = "<group>";
		};
		D4ED13172A281A4700B0107C /* RemoteFetch */ = {
			isa = PBXGroup;
			children = (
				D4ED13132A2819C100B0107C /* AnyRemoteListFetchStrategy.swift */,
				D4ED13182A281BCD00B0107C /* RemoteListFetchStrategy.swift */,
			);
			path = RemoteFetch;
			sourceTree = "<group>";
		};
		D4ED131A2A2820F200B0107C /* DataFetch */ = {
			isa = PBXGroup;
			children = (
				D4ED131B2A28287300B0107C /* AnyDataFetchCacheStrategy.swift */,
				D4ED131D2A28288900B0107C /* DataFetchCacheStrategy.swift */,
			);
			path = DataFetch;
			sourceTree = "<group>";
		};
		FCB30460A5EA9E3A66F36813 /* Pods */ = {
			isa = PBXGroup;
			children = (
				0A81FECCABFB99C4BAB434E9 /* Pods-BallPark.debug.xcconfig */,
				8660F0BF7E08A4AE07EA93D1 /* Pods-BallPark.release.xcconfig */,
			);
			path = Pods;
			sourceTree = "<group>";
		};
/* End PBXGroup section */

/* Begin PBXNativeTarget section */
		D468A3B42A2A648500DC693B /* BallParkTests */ = {
			isa = PBXNativeTarget;
			buildConfigurationList = D468A3BB2A2A648500DC693B /* Build configuration list for PBXNativeTarget "BallParkTests" */;
			buildPhases = (
				D468A3B12A2A648500DC693B /* Sources */,
				D468A3B22A2A648500DC693B /* Frameworks */,
				D468A3B32A2A648500DC693B /* Resources */,
			);
			buildRules = (
			);
			dependencies = (
				D468A3BA2A2A648500DC693B /* PBXTargetDependency */,
			);
			name = BallParkTests;
			productName = BallParkTests;
			productReference = D468A3B52A2A648500DC693B /* BallParkTests.xctest */;
			productType = "com.apple.product-type.bundle.unit-test";
		};
		D4E0EC082A20D5A000EF0BE7 /* BallPark */ = {
			isa = PBXNativeTarget;
			buildConfigurationList = D4E0EC202A20D5A100EF0BE7 /* Build configuration list for PBXNativeTarget "BallPark" */;
			buildPhases = (
				20ED28DBDB43E50B61ED2B41 /* [CP] Check Pods Manifest.lock */,
				D4E0EC052A20D5A000EF0BE7 /* Sources */,
				D4E0EC062A20D5A000EF0BE7 /* Frameworks */,
				D4E0EC072A20D5A000EF0BE7 /* Resources */,
				1251A64333BDD2B0099A6950 /* [CP] Embed Pods Frameworks */,
			);
			buildRules = (
			);
			dependencies = (
			);
			name = BallPark;
			productName = BallPark;
			productReference = D4E0EC092A20D5A000EF0BE7 /* BallPark.app */;
			productType = "com.apple.product-type.application";
		};
/* End PBXNativeTarget section */

/* Begin PBXProject section */
		D4E0EC012A20D5A000EF0BE7 /* Project object */ = {
			isa = PBXProject;
			attributes = {
				BuildIndependentTargetsInParallel = 1;
				LastSwiftUpdateCheck = 1430;
				LastUpgradeCheck = 1430;
				TargetAttributes = {
					D468A3B42A2A648500DC693B = {
						CreatedOnToolsVersion = 14.3;
						TestTargetID = D4E0EC082A20D5A000EF0BE7;
					};
					D4E0EC082A20D5A000EF0BE7 = {
						CreatedOnToolsVersion = 14.3;
						LastSwiftMigration = 1430;
					};
				};
			};
			buildConfigurationList = D4E0EC042A20D5A000EF0BE7 /* Build configuration list for PBXProject "BallPark" */;
			compatibilityVersion = "Xcode 14.0";
			developmentRegion = en;
			hasScannedForEncodings = 0;
			knownRegions = (
				en,
				Base,
			);
			mainGroup = D4E0EC002A20D5A000EF0BE7;
			productRefGroup = D4E0EC0A2A20D5A000EF0BE7 /* Products */;
			projectDirPath = "";
			projectRoot = "";
			targets = (
				D4E0EC082A20D5A000EF0BE7 /* BallPark */,
				D468A3B42A2A648500DC693B /* BallParkTests */,
			);
		};
/* End PBXProject section */

/* Begin PBXResourcesBuildPhase section */
		D468A3B32A2A648500DC693B /* Resources */ = {
			isa = PBXResourcesBuildPhase;
			buildActionMask = 2147483647;
			files = (
				D468A3E42A2AD9D000DC693B /* PlayersResponse.json in Resources */,
			);
			runOnlyForDeploymentPostprocessing = 0;
		};
		D4E0EC072A20D5A000EF0BE7 /* Resources */ = {
			isa = PBXResourcesBuildPhase;
			buildActionMask = 2147483647;
			files = (
				D4E0EC1C2A20D5A100EF0BE7 /* LaunchScreen.storyboard in Resources */,
				D4E0EC192A20D5A100EF0BE7 /* Assets.xcassets in Resources */,
				D48DE4C02A2538BB003163C7 /* TeamTableViewCell.xib in Resources */,
				D47F7B5C2A26DDA000BBEF73 /* TeamHeader.xib in Resources */,
				D4894F6E2A212F4E00B206FB /* LeagueTableViewCell.xib in Resources */,
				D4E0EC142A20D5A000EF0BE7 /* Main.storyboard in Resources */,
			);
			runOnlyForDeploymentPostprocessing = 0;
		};
/* End PBXResourcesBuildPhase section */

/* Begin PBXShellScriptBuildPhase section */
		1251A64333BDD2B0099A6950 /* [CP] Embed Pods Frameworks */ = {
			isa = PBXShellScriptBuildPhase;
			buildActionMask = 2147483647;
			files = (
			);
			inputFileListPaths = (
				"${PODS_ROOT}/Target Support Files/Pods-BallPark/Pods-BallPark-frameworks-${CONFIGURATION}-input-files.xcfilelist",
			);
			name = "[CP] Embed Pods Frameworks";
			outputFileListPaths = (
				"${PODS_ROOT}/Target Support Files/Pods-BallPark/Pods-BallPark-frameworks-${CONFIGURATION}-output-files.xcfilelist",
			);
			runOnlyForDeploymentPostprocessing = 0;
			shellPath = /bin/sh;
			shellScript = "\"${PODS_ROOT}/Target Support Files/Pods-BallPark/Pods-BallPark-frameworks.sh\"\n";
			showEnvVarsInLog = 0;
		};
		20ED28DBDB43E50B61ED2B41 /* [CP] Check Pods Manifest.lock */ = {
			isa = PBXShellScriptBuildPhase;
			buildActionMask = 2147483647;
			files = (
			);
			inputFileListPaths = (
			);
			inputPaths = (
				"${PODS_PODFILE_DIR_PATH}/Podfile.lock",
				"${PODS_ROOT}/Manifest.lock",
			);
			name = "[CP] Check Pods Manifest.lock";
			outputFileListPaths = (
			);
			outputPaths = (
				"$(DERIVED_FILE_DIR)/Pods-BallPark-checkManifestLockResult.txt",
			);
			runOnlyForDeploymentPostprocessing = 0;
			shellPath = /bin/sh;
			shellScript = "diff \"${PODS_PODFILE_DIR_PATH}/Podfile.lock\" \"${PODS_ROOT}/Manifest.lock\" > /dev/null\nif [ $? != 0 ] ; then\n    # print error to STDERR\n    echo \"error: The sandbox is not in sync with the Podfile.lock. Run 'pod install' or update your CocoaPods installation.\" >&2\n    exit 1\nfi\n# This output is used by Xcode 'outputs' to avoid re-running this script phase.\necho \"SUCCESS\" > \"${SCRIPT_OUTPUT_FILE_0}\"\n";
			showEnvVarsInLog = 0;
		};
/* End PBXShellScriptBuildPhase section */

/* Begin PBXSourcesBuildPhase section */
		D468A3B12A2A648500DC693B /* Sources */ = {
			isa = PBXSourcesBuildPhase;
			buildActionMask = 2147483647;
			files = (
				D468A3E22A2AD4CB00DC693B /* TestError.swift in Sources */,
				D468A3D92A2ACEDE00DC693B /* MockDecoder.swift in Sources */,
				D468A3D42A2ACC7900DC693B /* PlayersRemoteServiceTests.swift in Sources */,
				D468A3DD2A2ACF6400DC693B /* MockRemoteClient.swift in Sources */,
				D468A3B82A2A648500DC693B /* BallParkTests.swift in Sources */,
				D468A3E02A2AD42E00DC693B /* TestManagedObjectContextFactory.swift in Sources */,
			);
			runOnlyForDeploymentPostprocessing = 0;
		};
		D4E0EC052A20D5A000EF0BE7 /* Sources */ = {
			isa = PBXSourcesBuildPhase;
			buildActionMask = 2147483647;
			files = (
				D4D2CDE02A22BE38009EB45B /* NextEventsModel.swift in Sources */,
				D4894F5A2A21006C00B206FB /* CodingUserInfoKey.swift in Sources */,
				D4D2CDF12A22CE70009EB45B /* LeagueModel.swift in Sources */,
				D4894F442A20E43300B206FB /* RemoteClient.swift in Sources */,
				D4894F702A21310A00B206FB /* StadiumImageView.swift in Sources */,
				D48DE4BB2A253574003163C7 /* FavouriteTeamsModel.swift in Sources */,
				D449533B2A24334500739698 /* TeamsViewController.swift in Sources */,
				D48DE4C42A253A43003163C7 /* FavouriteTeamsViewController.swift in Sources */,
				D4894F662A210FC300B206FB /* LeaguesViewModel.swift in Sources */,
				D47F7B672A26FDAB00BBEF73 /* PlayersModel.swift in Sources */,
				D4894F4D2A20F3FC00B206FB /* JsonDecoder.swift in Sources */,
				D4E0EC0D2A20D5A000EF0BE7 /* AppDelegate.swift in Sources */,
				D47F7B5E2A26DDC700BBEF73 /* TeamHeader.swift in Sources */,
				D468A3CF2A2A940F00DC693B /* LeagueEvents.swift in Sources */,
				D44953332A24105500739698 /* AppConfigs.swift in Sources */,
				D47F7B552A26D30B00BBEF73 /* WithEmptyView.swift in Sources */,
				D48DE4BD2A2535BF003163C7 /* FavouriteTeamsViewModel.swift in Sources */,
				D4894F7B2A216AF000B206FB /* Database.swift in Sources */,
				D47F7B532A26CC6100BBEF73 /* KFImageLoader.swift in Sources */,
				D4E0EC172A20D5A000EF0BE7 /* BallPark.xcdatamodeld in Sources */,
				D468A3C62A2A85B900DC693B /* LivescoresModel.swift in Sources */,
				D4D2CDD82A22AF9F009EB45B /* Notifications.swift in Sources */,
				D4894F6D2A212F4E00B206FB /* LeagueTableViewCell.swift in Sources */,
				D44953452A24523800739698 /* TeamDatabase.swift in Sources */,
				D449534F2A24595400739698 /* TeamsViewModel.swift in Sources */,
				D468A3AD2A2A59DE00DC693B /* AnyPlayer.swift in Sources */,
				D4894F482A20F15600B206FB /* LeaguesRemoteService.swift in Sources */,
				D4894F5E2A210A4200B206FB /* LeaguesViewController.swift in Sources */,
				D449534D2A2454FC00739698 /* TeamsModel.swift in Sources */,
				D4D2CDEF2A22CAE1009EB45B /* LatestEventsModel.swift in Sources */,
				D449533D2A2434DB00739698 /* WithArgs.swift in Sources */,
				D4894F622A210DCA00B206FB /* UIState.swift in Sources */,
				D4E0EC0F2A20D5A000EF0BE7 /* SceneDelegate.swift in Sources */,
				D4894F872A2182E300B206FB /* ServiceLocatorUtils.swift in Sources */,
				D47F7B632A26FC0A00BBEF73 /* PlayerDatabase.swift in Sources */,
				D4D2CDDC2A22B3E7009EB45B /* FavouriteLeaguesViewModel.swift in Sources */,
				D4D2CDE72A22C3CF009EB45B /* LeagueEventsViewModel.swift in Sources */,
				D4894F552A20FEA900B206FB /* AnyEnvironment.swift in Sources */,
				D468A3C42A2A84EA00DC693B /* LivescoresRemoteService.swift in Sources */,
				D4D2CDE52A22C1A3009EB45B /* LeagueIdentity.swift in Sources */,
				D468A3A32A2A499900DC693B /* AnyLeagueEvent.swift in Sources */,
				D4ED131E2A28288900B0107C /* DataFetchCacheStrategy.swift in Sources */,
				D4D2CDCF2A22362A009EB45B /* AnyInstantiableView.swift in Sources */,
				D4D2CDED2A22C994009EB45B /* LeagueEventsModel.swift in Sources */,
				D4894F722A213DA800B206FB /* FavouriteLeaguesViewController.swift in Sources */,
				D48DE4CA2A253E7C003163C7 /* TeamViewController.swift in Sources */,
				D44953432A244FD400739698 /* Team.swift in Sources */,
				D4894F572A20FEE900B206FB /* Environment.swift in Sources */,
				D4894F4B2A20F1E400B206FB /* AnyDecoder.swift in Sources */,
				D4ED13142A2819C100B0107C /* AnyRemoteListFetchStrategy.swift in Sources */,
				D4894F5C2A21019300B206FB /* ListResponse.swift in Sources */,
				D4D2CDCD2A222EA3009EB45B /* SportsViewController.swift in Sources */,
				D44953392A24332900739698 /* LatestResultsViewController.swift in Sources */,
				D4894F682A21109D00B206FB /* LeaguesModel.swift in Sources */,
				D4894F4F2A20F7B700B206FB /* League.swift in Sources */,
				D44953352A24212F00739698 /* StringUtils.swift in Sources */,
				D4D2CDDE2A22BC58009EB45B /* LeagueViewModel.swift in Sources */,
				D468A3CB2A2A8ED100DC693B /* TennisPlayersViewModel.swift in Sources */,
				D4D2CDE22A22BFE0009EB45B /* LeagueEventsRemoteService.swift in Sources */,
				D47F7B652A26FD0300BBEF73 /* PlayersRemoteService.swift in Sources */,
				D4894F602A210A9800B206FB /* AnyStoryboardView.swift in Sources */,
				D47F7B512A26CBF100BBEF73 /* AnyImageLoader.swift in Sources */,
				D4894F7E2A216F0200B206FB /* CoreDataUtils.swift in Sources */,
				D47F7B692A26FE9500BBEF73 /* PlayersViewModel.swift in Sources */,
				D48DE4CC2A253EB2003163C7 /* TeamModel.swift in Sources */,
				D468A3AF2A2A5AA600DC693B /* AnyPlayersModel.swift in Sources */,
				D4894F6A2A212BA300B206FB /* WithLoaderView.swift in Sources */,
				D4D2CDE92A22C79B009EB45B /* LeagueEvent.swift in Sources */,
				D4894F462A20E7E100B206FB /* AFRemoteClient.swift in Sources */,
				D4D2CDD12A224605009EB45B /* InsetsUtils.swift in Sources */,
				D449534B2A2453B800739698 /* TeamIdentity.swift in Sources */,
				D4D2CDD52A22A9EE009EB45B /* LeagueViewController.swift in Sources */,
				D468A3AB2A2A562A00DC693B /* LeaguePlayersModel.swift in Sources */,
				D48DE4C22A2538DE003163C7 /* TeamTableViewCell.swift in Sources */,
				D4D2CDF32A22CF4D009EB45B /* Errors.swift in Sources */,
				D4D2CDDA2A22B021009EB45B /* LeagueNotifications.swift in Sources */,
				D4894F782A215DA200B206FB /* FavouriteLeaguesModel.swift in Sources */,
				D4894F852A21779D00B206FB /* LeagueDatabase.swift in Sources */,
				D48DE4CF2A253F69003163C7 /* TeamViewModel.swift in Sources */,
				D4ED131C2A28287300B0107C /* AnyDataFetchCacheStrategy.swift in Sources */,
				D44953412A244D6900739698 /* Player.swift in Sources */,
				D468A3C22A2A6C5E00DC693B /* AnyLeaguesViewModel.swift in Sources */,
				D468A3C92A2A8D4E00DC693B /* AnyPlayersViewModel.swift in Sources */,
				D44953372A24307500739698 /* NextEventsViewController.swift in Sources */,
				D44953492A24536C00739698 /* TeamsRemoteService.swift in Sources */,
				D4ED13192A281BCD00B0107C /* RemoteListFetchStrategy.swift in Sources */,
				D468A3A72A2A54FC00DC693B /* LeaguePlayersRemoteService.swift in Sources */,
				D44953472A2452CF00739698 /* TeamNotifications.swift in Sources */,
				D47F7B572A26D3CF00BBEF73 /* WithErrorView.swift in Sources */,
				D468A3A52A2A4A6A00DC693B /* TennisEvent.swift in Sources */,
			);
			runOnlyForDeploymentPostprocessing = 0;
		};
/* End PBXSourcesBuildPhase section */

/* Begin PBXTargetDependency section */
		D468A3BA2A2A648500DC693B /* PBXTargetDependency */ = {
			isa = PBXTargetDependency;
			target = D4E0EC082A20D5A000EF0BE7 /* BallPark */;
			targetProxy = D468A3B92A2A648500DC693B /* PBXContainerItemProxy */;
		};
/* End PBXTargetDependency section */

/* Begin PBXVariantGroup section */
		D4E0EC122A20D5A000EF0BE7 /* Main.storyboard */ = {
			isa = PBXVariantGroup;
			children = (
				D4E0EC132A20D5A000EF0BE7 /* Base */,
			);
			name = Main.storyboard;
			sourceTree = "<group>";
		};
		D4E0EC1A2A20D5A100EF0BE7 /* LaunchScreen.storyboard */ = {
			isa = PBXVariantGroup;
			children = (
				D4E0EC1B2A20D5A100EF0BE7 /* Base */,
			);
			name = LaunchScreen.storyboard;
			sourceTree = "<group>";
		};
/* End PBXVariantGroup section */

/* Begin XCBuildConfiguration section */
		D468A3BC2A2A648500DC693B /* Debug */ = {
			isa = XCBuildConfiguration;
			buildSettings = {
				BUNDLE_LOADER = "$(TEST_HOST)";
				CODE_SIGN_STYLE = Automatic;
				CURRENT_PROJECT_VERSION = 1;
				DEVELOPMENT_TEAM = 49YMMDXGST;
				GENERATE_INFOPLIST_FILE = YES;
				MARKETING_VERSION = 1.0;
				PRODUCT_BUNDLE_IDENTIFIER = com.iti.BallParkTests;
				PRODUCT_NAME = "$(TARGET_NAME)";
				SWIFT_EMIT_LOC_STRINGS = NO;
				SWIFT_VERSION = 5.0;
				TARGETED_DEVICE_FAMILY = "1,2";
				TEST_HOST = "$(BUILT_PRODUCTS_DIR)/BallPark.app/$(BUNDLE_EXECUTABLE_FOLDER_PATH)/BallPark";
			};
			name = Debug;
		};
		D468A3BD2A2A648500DC693B /* Release */ = {
			isa = XCBuildConfiguration;
			buildSettings = {
				BUNDLE_LOADER = "$(TEST_HOST)";
				CODE_SIGN_STYLE = Automatic;
				CURRENT_PROJECT_VERSION = 1;
				DEVELOPMENT_TEAM = 49YMMDXGST;
				GENERATE_INFOPLIST_FILE = YES;
				MARKETING_VERSION = 1.0;
				PRODUCT_BUNDLE_IDENTIFIER = com.iti.BallParkTests;
				PRODUCT_NAME = "$(TARGET_NAME)";
				SWIFT_EMIT_LOC_STRINGS = NO;
				SWIFT_VERSION = 5.0;
				TARGETED_DEVICE_FAMILY = "1,2";
				TEST_HOST = "$(BUILT_PRODUCTS_DIR)/BallPark.app/$(BUNDLE_EXECUTABLE_FOLDER_PATH)/BallPark";
			};
			name = Release;
		};
		D4E0EC1E2A20D5A100EF0BE7 /* Debug */ = {
			isa = XCBuildConfiguration;
			buildSettings = {
				ALWAYS_SEARCH_USER_PATHS = NO;
				CLANG_ANALYZER_NONNULL = YES;
				CLANG_ANALYZER_NUMBER_OBJECT_CONVERSION = YES_AGGRESSIVE;
				CLANG_CXX_LANGUAGE_STANDARD = "gnu++20";
				CLANG_ENABLE_MODULES = YES;
				CLANG_ENABLE_OBJC_ARC = YES;
				CLANG_ENABLE_OBJC_WEAK = YES;
				CLANG_WARN_BLOCK_CAPTURE_AUTORELEASING = YES;
				CLANG_WARN_BOOL_CONVERSION = YES;
				CLANG_WARN_COMMA = YES;
				CLANG_WARN_CONSTANT_CONVERSION = YES;
				CLANG_WARN_DEPRECATED_OBJC_IMPLEMENTATIONS = YES;
				CLANG_WARN_DIRECT_OBJC_ISA_USAGE = YES_ERROR;
				CLANG_WARN_DOCUMENTATION_COMMENTS = YES;
				CLANG_WARN_EMPTY_BODY = YES;
				CLANG_WARN_ENUM_CONVERSION = YES;
				CLANG_WARN_INFINITE_RECURSION = YES;
				CLANG_WARN_INT_CONVERSION = YES;
				CLANG_WARN_NON_LITERAL_NULL_CONVERSION = YES;
				CLANG_WARN_OBJC_IMPLICIT_RETAIN_SELF = YES;
				CLANG_WARN_OBJC_LITERAL_CONVERSION = YES;
				CLANG_WARN_OBJC_ROOT_CLASS = YES_ERROR;
				CLANG_WARN_QUOTED_INCLUDE_IN_FRAMEWORK_HEADER = YES;
				CLANG_WARN_RANGE_LOOP_ANALYSIS = YES;
				CLANG_WARN_STRICT_PROTOTYPES = YES;
				CLANG_WARN_SUSPICIOUS_MOVE = YES;
				CLANG_WARN_UNGUARDED_AVAILABILITY = YES_AGGRESSIVE;
				CLANG_WARN_UNREACHABLE_CODE = YES;
				CLANG_WARN__DUPLICATE_METHOD_MATCH = YES;
				COPY_PHASE_STRIP = NO;
				DEBUG_INFORMATION_FORMAT = dwarf;
				ENABLE_STRICT_OBJC_MSGSEND = YES;
				ENABLE_TESTABILITY = YES;
				GCC_C_LANGUAGE_STANDARD = gnu11;
				GCC_DYNAMIC_NO_PIC = NO;
				GCC_NO_COMMON_BLOCKS = YES;
				GCC_OPTIMIZATION_LEVEL = 0;
				GCC_PREPROCESSOR_DEFINITIONS = (
					"DEBUG=1",
					"$(inherited)",
				);
				GCC_WARN_64_TO_32_BIT_CONVERSION = YES;
				GCC_WARN_ABOUT_RETURN_TYPE = YES_ERROR;
				GCC_WARN_UNDECLARED_SELECTOR = YES;
				GCC_WARN_UNINITIALIZED_AUTOS = YES_AGGRESSIVE;
				GCC_WARN_UNUSED_FUNCTION = YES;
				GCC_WARN_UNUSED_VARIABLE = YES;
				IPHONEOS_DEPLOYMENT_TARGET = 16.4;
				MTL_ENABLE_DEBUG_INFO = INCLUDE_SOURCE;
				MTL_FAST_MATH = YES;
				ONLY_ACTIVE_ARCH = YES;
				SDKROOT = iphoneos;
				SWIFT_ACTIVE_COMPILATION_CONDITIONS = DEBUG;
				SWIFT_OPTIMIZATION_LEVEL = "-Onone";
			};
			name = Debug;
		};
		D4E0EC1F2A20D5A100EF0BE7 /* Release */ = {
			isa = XCBuildConfiguration;
			buildSettings = {
				ALWAYS_SEARCH_USER_PATHS = NO;
				CLANG_ANALYZER_NONNULL = YES;
				CLANG_ANALYZER_NUMBER_OBJECT_CONVERSION = YES_AGGRESSIVE;
				CLANG_CXX_LANGUAGE_STANDARD = "gnu++20";
				CLANG_ENABLE_MODULES = YES;
				CLANG_ENABLE_OBJC_ARC = YES;
				CLANG_ENABLE_OBJC_WEAK = YES;
				CLANG_WARN_BLOCK_CAPTURE_AUTORELEASING = YES;
				CLANG_WARN_BOOL_CONVERSION = YES;
				CLANG_WARN_COMMA = YES;
				CLANG_WARN_CONSTANT_CONVERSION = YES;
				CLANG_WARN_DEPRECATED_OBJC_IMPLEMENTATIONS = YES;
				CLANG_WARN_DIRECT_OBJC_ISA_USAGE = YES_ERROR;
				CLANG_WARN_DOCUMENTATION_COMMENTS = YES;
				CLANG_WARN_EMPTY_BODY = YES;
				CLANG_WARN_ENUM_CONVERSION = YES;
				CLANG_WARN_INFINITE_RECURSION = YES;
				CLANG_WARN_INT_CONVERSION = YES;
				CLANG_WARN_NON_LITERAL_NULL_CONVERSION = YES;
				CLANG_WARN_OBJC_IMPLICIT_RETAIN_SELF = YES;
				CLANG_WARN_OBJC_LITERAL_CONVERSION = YES;
				CLANG_WARN_OBJC_ROOT_CLASS = YES_ERROR;
				CLANG_WARN_QUOTED_INCLUDE_IN_FRAMEWORK_HEADER = YES;
				CLANG_WARN_RANGE_LOOP_ANALYSIS = YES;
				CLANG_WARN_STRICT_PROTOTYPES = YES;
				CLANG_WARN_SUSPICIOUS_MOVE = YES;
				CLANG_WARN_UNGUARDED_AVAILABILITY = YES_AGGRESSIVE;
				CLANG_WARN_UNREACHABLE_CODE = YES;
				CLANG_WARN__DUPLICATE_METHOD_MATCH = YES;
				COPY_PHASE_STRIP = NO;
				DEBUG_INFORMATION_FORMAT = "dwarf-with-dsym";
				ENABLE_NS_ASSERTIONS = NO;
				ENABLE_STRICT_OBJC_MSGSEND = YES;
				GCC_C_LANGUAGE_STANDARD = gnu11;
				GCC_NO_COMMON_BLOCKS = YES;
				GCC_WARN_64_TO_32_BIT_CONVERSION = YES;
				GCC_WARN_ABOUT_RETURN_TYPE = YES_ERROR;
				GCC_WARN_UNDECLARED_SELECTOR = YES;
				GCC_WARN_UNINITIALIZED_AUTOS = YES_AGGRESSIVE;
				GCC_WARN_UNUSED_FUNCTION = YES;
				GCC_WARN_UNUSED_VARIABLE = YES;
				IPHONEOS_DEPLOYMENT_TARGET = 16.4;
				MTL_ENABLE_DEBUG_INFO = NO;
				MTL_FAST_MATH = YES;
				SDKROOT = iphoneos;
				SWIFT_COMPILATION_MODE = wholemodule;
				SWIFT_OPTIMIZATION_LEVEL = "-O";
				VALIDATE_PRODUCT = YES;
			};
			name = Release;
		};
		D4E0EC212A20D5A100EF0BE7 /* Debug */ = {
			isa = XCBuildConfiguration;
			baseConfigurationReference = 0A81FECCABFB99C4BAB434E9 /* Pods-BallPark.debug.xcconfig */;
			buildSettings = {
				ASSETCATALOG_COMPILER_APPICON_NAME = AppIcon;
				ASSETCATALOG_COMPILER_GLOBAL_ACCENT_COLOR_NAME = AccentColor;
				CLANG_ENABLE_MODULES = YES;
				CODE_SIGN_STYLE = Automatic;
				CURRENT_PROJECT_VERSION = 1;
				DEVELOPMENT_TEAM = 49YMMDXGST;
				GENERATE_INFOPLIST_FILE = YES;
				INFOPLIST_FILE = BallPark/Info.plist;
				INFOPLIST_KEY_UIApplicationSupportsIndirectInputEvents = YES;
				INFOPLIST_KEY_UILaunchStoryboardName = LaunchScreen;
				INFOPLIST_KEY_UISupportedInterfaceOrientations_iPad = "UIInterfaceOrientationPortrait UIInterfaceOrientationPortraitUpsideDown UIInterfaceOrientationLandscapeLeft UIInterfaceOrientationLandscapeRight";
				INFOPLIST_KEY_UISupportedInterfaceOrientations_iPhone = "UIInterfaceOrientationPortrait UIInterfaceOrientationLandscapeLeft UIInterfaceOrientationLandscapeRight";
				LD_RUNPATH_SEARCH_PATHS = (
					"$(inherited)",
					"@executable_path/Frameworks",
				);
				MARKETING_VERSION = 1.0;
				PRODUCT_BUNDLE_IDENTIFIER = com.iti.BallPark;
				PRODUCT_NAME = "$(TARGET_NAME)";
				SWIFT_EMIT_LOC_STRINGS = YES;
				SWIFT_OPTIMIZATION_LEVEL = "-Onone";
				SWIFT_VERSION = 5.0;
				TARGETED_DEVICE_FAMILY = "1,2";
			};
			name = Debug;
		};
		D4E0EC222A20D5A100EF0BE7 /* Release */ = {
			isa = XCBuildConfiguration;
			baseConfigurationReference = 8660F0BF7E08A4AE07EA93D1 /* Pods-BallPark.release.xcconfig */;
			buildSettings = {
				ASSETCATALOG_COMPILER_APPICON_NAME = AppIcon;
				ASSETCATALOG_COMPILER_GLOBAL_ACCENT_COLOR_NAME = AccentColor;
				CLANG_ENABLE_MODULES = YES;
				CODE_SIGN_STYLE = Automatic;
				CURRENT_PROJECT_VERSION = 1;
				DEVELOPMENT_TEAM = 49YMMDXGST;
				GENERATE_INFOPLIST_FILE = YES;
				INFOPLIST_FILE = BallPark/Info.plist;
				INFOPLIST_KEY_UIApplicationSupportsIndirectInputEvents = YES;
				INFOPLIST_KEY_UILaunchStoryboardName = LaunchScreen;
				INFOPLIST_KEY_UISupportedInterfaceOrientations_iPad = "UIInterfaceOrientationPortrait UIInterfaceOrientationPortraitUpsideDown UIInterfaceOrientationLandscapeLeft UIInterfaceOrientationLandscapeRight";
				INFOPLIST_KEY_UISupportedInterfaceOrientations_iPhone = "UIInterfaceOrientationPortrait UIInterfaceOrientationLandscapeLeft UIInterfaceOrientationLandscapeRight";
				LD_RUNPATH_SEARCH_PATHS = (
					"$(inherited)",
					"@executable_path/Frameworks",
				);
				MARKETING_VERSION = 1.0;
				PRODUCT_BUNDLE_IDENTIFIER = com.iti.BallPark;
				PRODUCT_NAME = "$(TARGET_NAME)";
				SWIFT_EMIT_LOC_STRINGS = YES;
				SWIFT_VERSION = 5.0;
				TARGETED_DEVICE_FAMILY = "1,2";
			};
			name = Release;
		};
/* End XCBuildConfiguration section */

/* Begin XCConfigurationList section */
		D468A3BB2A2A648500DC693B /* Build configuration list for PBXNativeTarget "BallParkTests" */ = {
			isa = XCConfigurationList;
			buildConfigurations = (
				D468A3BC2A2A648500DC693B /* Debug */,
				D468A3BD2A2A648500DC693B /* Release */,
			);
			defaultConfigurationIsVisible = 0;
			defaultConfigurationName = Release;
		};
		D4E0EC042A20D5A000EF0BE7 /* Build configuration list for PBXProject "BallPark" */ = {
			isa = XCConfigurationList;
			buildConfigurations = (
				D4E0EC1E2A20D5A100EF0BE7 /* Debug */,
				D4E0EC1F2A20D5A100EF0BE7 /* Release */,
			);
			defaultConfigurationIsVisible = 0;
			defaultConfigurationName = Release;
		};
		D4E0EC202A20D5A100EF0BE7 /* Build configuration list for PBXNativeTarget "BallPark" */ = {
			isa = XCConfigurationList;
			buildConfigurations = (
				D4E0EC212A20D5A100EF0BE7 /* Debug */,
				D4E0EC222A20D5A100EF0BE7 /* Release */,
			);
			defaultConfigurationIsVisible = 0;
			defaultConfigurationName = Release;
		};
/* End XCConfigurationList section */

/* Begin XCVersionGroup section */
		D4E0EC152A20D5A000EF0BE7 /* BallPark.xcdatamodeld */ = {
			isa = XCVersionGroup;
			children = (
				D4E0EC162A20D5A000EF0BE7 /* BallPark.xcdatamodel */,
			);
			currentVersion = D4E0EC162A20D5A000EF0BE7 /* BallPark.xcdatamodel */;
			path = BallPark.xcdatamodeld;
			sourceTree = "<group>";
			versionGroupType = wrapper.xcdatamodel;
		};
/* End XCVersionGroup section */
	};
	rootObject = D4E0EC012A20D5A000EF0BE7 /* Project object */;
}
